// !$*UTF8*$!
{
	archiveVersion = 1;
	classes = {
	};
	objectVersion = 46;
	objects = {

/* Begin PBXBuildFile section */
		00C302E51ABCBA2D00DB3ED1 /* libRCTActionSheet.a in Frameworks */ = {isa = PBXBuildFile; fileRef = 00C302AC1ABCB8CE00DB3ED1 /* libRCTActionSheet.a */; };
		00C302E71ABCBA2D00DB3ED1 /* libRCTGeolocation.a in Frameworks */ = {isa = PBXBuildFile; fileRef = 00C302BA1ABCB90400DB3ED1 /* libRCTGeolocation.a */; };
		00C302E81ABCBA2D00DB3ED1 /* libRCTImage.a in Frameworks */ = {isa = PBXBuildFile; fileRef = 00C302C01ABCB91800DB3ED1 /* libRCTImage.a */; };
		00C302E91ABCBA2D00DB3ED1 /* libRCTNetwork.a in Frameworks */ = {isa = PBXBuildFile; fileRef = 00C302DC1ABCB9D200DB3ED1 /* libRCTNetwork.a */; };
		00C302EA1ABCBA2D00DB3ED1 /* libRCTVibration.a in Frameworks */ = {isa = PBXBuildFile; fileRef = 00C302E41ABCB9EE00DB3ED1 /* libRCTVibration.a */; };
		00E356F31AD99517003FC87E /* teamBTests.m in Sources */ = {isa = PBXBuildFile; fileRef = 00E356F21AD99517003FC87E /* teamBTests.m */; };
		13045C573B654B48934B7C75 /* Octicons.ttf in Resources */ = {isa = PBXBuildFile; fileRef = AD27B534ABE940C7AC4BD0C3 /* Octicons.ttf */; };
		133E29F31AD74F7200F7D852 /* libRCTLinking.a in Frameworks */ = {isa = PBXBuildFile; fileRef = 78C398B91ACF4ADC00677621 /* libRCTLinking.a */; };
		139105C61AF99C1200B5F7CC /* libRCTSettings.a in Frameworks */ = {isa = PBXBuildFile; fileRef = 139105C11AF99BAD00B5F7CC /* libRCTSettings.a */; };
		139FDEF61B0652A700C62182 /* libRCTWebSocket.a in Frameworks */ = {isa = PBXBuildFile; fileRef = 139FDEF41B06529B00C62182 /* libRCTWebSocket.a */; };
		13B07FBC1A68108700A75B9A /* AppDelegate.m in Sources */ = {isa = PBXBuildFile; fileRef = 13B07FB01A68108700A75B9A /* AppDelegate.m */; };
		13B07FBD1A68108700A75B9A /* LaunchScreen.xib in Resources */ = {isa = PBXBuildFile; fileRef = 13B07FB11A68108700A75B9A /* LaunchScreen.xib */; };
		13B07FBF1A68108700A75B9A /* Images.xcassets in Resources */ = {isa = PBXBuildFile; fileRef = 13B07FB51A68108700A75B9A /* Images.xcassets */; };
		13B07FC11A68108700A75B9A /* main.m in Sources */ = {isa = PBXBuildFile; fileRef = 13B07FB71A68108700A75B9A /* main.m */; };
		140ED2AC1D01E1AD002B40FF /* libReact.a in Frameworks */ = {isa = PBXBuildFile; fileRef = 146834041AC3E56700842450 /* libReact.a */; };
		146834051AC3E58100842450 /* libReact.a in Frameworks */ = {isa = PBXBuildFile; fileRef = 146834041AC3E56700842450 /* libReact.a */; };
		1F24C1635D9D42598F33AAF8 /* Foundation.ttf in Resources */ = {isa = PBXBuildFile; fileRef = 4E9BBC87D6CE4B2F9B9EF161 /* Foundation.ttf */; };
		2D02E4BC1E0B4A80006451C7 /* AppDelegate.m in Sources */ = {isa = PBXBuildFile; fileRef = 13B07FB01A68108700A75B9A /* AppDelegate.m */; };
		2D02E4BD1E0B4A84006451C7 /* Images.xcassets in Resources */ = {isa = PBXBuildFile; fileRef = 13B07FB51A68108700A75B9A /* Images.xcassets */; };
		2D02E4BF1E0B4AB3006451C7 /* main.m in Sources */ = {isa = PBXBuildFile; fileRef = 13B07FB71A68108700A75B9A /* main.m */; };
		2D02E4C21E0B4AEC006451C7 /* libRCTAnimation-tvOS.a in Frameworks */ = {isa = PBXBuildFile; fileRef = 5E9157351DD0AC6500FF2AA8 /* libRCTAnimation-tvOS.a */; };
		2D02E4C31E0B4AEC006451C7 /* libRCTImage-tvOS.a in Frameworks */ = {isa = PBXBuildFile; fileRef = 3DAD3E841DF850E9000B6D8A /* libRCTImage-tvOS.a */; };
		2D02E4C41E0B4AEC006451C7 /* libRCTLinking-tvOS.a in Frameworks */ = {isa = PBXBuildFile; fileRef = 3DAD3E881DF850E9000B6D8A /* libRCTLinking-tvOS.a */; };
		2D02E4C51E0B4AEC006451C7 /* libRCTNetwork-tvOS.a in Frameworks */ = {isa = PBXBuildFile; fileRef = 3DAD3E8C1DF850E9000B6D8A /* libRCTNetwork-tvOS.a */; };
		2D02E4C61E0B4AEC006451C7 /* libRCTSettings-tvOS.a in Frameworks */ = {isa = PBXBuildFile; fileRef = 3DAD3E901DF850E9000B6D8A /* libRCTSettings-tvOS.a */; };
		2D02E4C71E0B4AEC006451C7 /* libRCTText-tvOS.a in Frameworks */ = {isa = PBXBuildFile; fileRef = 3DAD3E941DF850E9000B6D8A /* libRCTText-tvOS.a */; };
		2D02E4C81E0B4AEC006451C7 /* libRCTWebSocket-tvOS.a in Frameworks */ = {isa = PBXBuildFile; fileRef = 3DAD3E991DF850E9000B6D8A /* libRCTWebSocket-tvOS.a */; };
		2D02E4C91E0B4AEC006451C7 /* libReact.a in Frameworks */ = {isa = PBXBuildFile; fileRef = 3DAD3EA31DF850E9000B6D8A /* libReact.a */; };
		2DCD954D1E0B4F2C00145EB5 /* teamBTests.m in Sources */ = {isa = PBXBuildFile; fileRef = 00E356F21AD99517003FC87E /* teamBTests.m */; };
		2F3552661E58F2E400236EF4 /* Bolts.framework in Frameworks */ = {isa = PBXBuildFile; fileRef = 2F3552621E58F2E400236EF4 /* Bolts.framework */; };
		2F3552671E58F2E400236EF4 /* FBSDKCoreKit.framework in Frameworks */ = {isa = PBXBuildFile; fileRef = 2F3552631E58F2E400236EF4 /* FBSDKCoreKit.framework */; };
		2F3552681E58F2E400236EF4 /* FBSDKLoginKit.framework in Frameworks */ = {isa = PBXBuildFile; fileRef = 2F3552641E58F2E400236EF4 /* FBSDKLoginKit.framework */; };
		2F3552691E58F2E400236EF4 /* FBSDKShareKit.framework in Frameworks */ = {isa = PBXBuildFile; fileRef = 2F3552651E58F2E400236EF4 /* FBSDKShareKit.framework */; };
		2F5F33DD1E53A95600433DC8 /* AWSCore.framework in Frameworks */ = {isa = PBXBuildFile; fileRef = 2F5F33DC1E53A95600433DC8 /* AWSCore.framework */; };
		2F5F33DE1E53A95600433DC8 /* AWSCore.framework in Embed Frameworks */ = {isa = PBXBuildFile; fileRef = 2F5F33DC1E53A95600433DC8 /* AWSCore.framework */; settings = {ATTRIBUTES = (CodeSignOnCopy, RemoveHeadersOnCopy, ); }; };
		2F5F340D1E53AD8A00433DC8 /* AWSDynamoDB.framework in Frameworks */ = {isa = PBXBuildFile; fileRef = 2F5F340C1E53AD8A00433DC8 /* AWSDynamoDB.framework */; };
		2F5F340E1E53AD8A00433DC8 /* AWSDynamoDB.framework in Embed Frameworks */ = {isa = PBXBuildFile; fileRef = 2F5F340C1E53AD8A00433DC8 /* AWSDynamoDB.framework */; settings = {ATTRIBUTES = (CodeSignOnCopy, RemoveHeadersOnCopy, ); }; };
		301F012C703E4A368CBD2B64 /* EvilIcons.ttf in Resources */ = {isa = PBXBuildFile; fileRef = 9F057B357A4C4888AB53C0EE /* EvilIcons.ttf */; };
		35D0EC8AB83444A2BDC4E69E /* Ionicons.ttf in Resources */ = {isa = PBXBuildFile; fileRef = 7D8D4011600443E58326CD14 /* Ionicons.ttf */; };
		3D797D8583124DDD8080F4F8 /* Zocial.ttf in Resources */ = {isa = PBXBuildFile; fileRef = 69A39429224D4957BD72812D /* Zocial.ttf */; };
		5E9157361DD0AC6A00FF2AA8 /* libRCTAnimation.a in Frameworks */ = {isa = PBXBuildFile; fileRef = 5E9157331DD0AC6500FF2AA8 /* libRCTAnimation.a */; };
		832341BD1AAA6AB300B99B32 /* libRCTText.a in Frameworks */ = {isa = PBXBuildFile; fileRef = 832341B51AAA6A8300B99B32 /* libRCTText.a */; };
		846E156EC7184F71A5FA7514 /* MaterialCommunityIcons.ttf in Resources */ = {isa = PBXBuildFile; fileRef = 86EAB2C71A98498E8453AD4F /* MaterialCommunityIcons.ttf */; };
		9DC13C44C20848DA9D080EEA /* FontAwesome.ttf in Resources */ = {isa = PBXBuildFile; fileRef = B077161427E94332BCA14EBA /* FontAwesome.ttf */; };
		B56A2E6265F5437BA4C36AD7 /* libRNVectorIcons.a in Frameworks */ = {isa = PBXBuildFile; fileRef = AE07B1308BD246C5823B0225 /* libRNVectorIcons.a */; };
		BDB1544DAEF443279672D138 /* MaterialIcons.ttf in Resources */ = {isa = PBXBuildFile; fileRef = F18CE750C115426A8C6E4348 /* MaterialIcons.ttf */; };
		CF4A40744B464368B1D2BA9F /* libDynamoDB.a in Frameworks */ = {isa = PBXBuildFile; fileRef = 2B482E43C08043B58C247631 /* libDynamoDB.a */; };
		D8900657FA3042E58DC6CA63 /* libCore.a in Frameworks */ = {isa = PBXBuildFile; fileRef = CE32CAD6C0014B719FE21B52 /* libCore.a */; };
		DE158452CCF14B74A6728B40 /* libRNImagePicker.a in Frameworks */ = {isa = PBXBuildFile; fileRef = 3CEBFDA9ECA14A509BC4E2C4 /* libRNImagePicker.a */; };
		E2ED60CCB3D54DD0B610B88B /* libRCTFBSDK.a in Frameworks */ = {isa = PBXBuildFile; fileRef = 68B1BC90578445FD86A0F5E2 /* libRCTFBSDK.a */; };
		E2FEA300A51B4869951A6395 /* SimpleLineIcons.ttf in Resources */ = {isa = PBXBuildFile; fileRef = EF419453B8FA4BB1BB2905A0 /* SimpleLineIcons.ttf */; };
		EF904598D1204D23B63DC62C /* Entypo.ttf in Resources */ = {isa = PBXBuildFile; fileRef = C36019DC5ED14120947C310C /* Entypo.ttf */; };
/* End PBXBuildFile section */

/* Begin PBXContainerItemProxy section */
		00C302AB1ABCB8CE00DB3ED1 /* PBXContainerItemProxy */ = {
			isa = PBXContainerItemProxy;
			containerPortal = 00C302A71ABCB8CE00DB3ED1 /* RCTActionSheet.xcodeproj */;
			proxyType = 2;
			remoteGlobalIDString = 134814201AA4EA6300B7C361;
			remoteInfo = RCTActionSheet;
		};
		00C302B91ABCB90400DB3ED1 /* PBXContainerItemProxy */ = {
			isa = PBXContainerItemProxy;
			containerPortal = 00C302B51ABCB90400DB3ED1 /* RCTGeolocation.xcodeproj */;
			proxyType = 2;
			remoteGlobalIDString = 134814201AA4EA6300B7C361;
			remoteInfo = RCTGeolocation;
		};
		00C302BF1ABCB91800DB3ED1 /* PBXContainerItemProxy */ = {
			isa = PBXContainerItemProxy;
			containerPortal = 00C302BB1ABCB91800DB3ED1 /* RCTImage.xcodeproj */;
			proxyType = 2;
			remoteGlobalIDString = 58B5115D1A9E6B3D00147676;
			remoteInfo = RCTImage;
		};
		00C302DB1ABCB9D200DB3ED1 /* PBXContainerItemProxy */ = {
			isa = PBXContainerItemProxy;
			containerPortal = 00C302D31ABCB9D200DB3ED1 /* RCTNetwork.xcodeproj */;
			proxyType = 2;
			remoteGlobalIDString = 58B511DB1A9E6C8500147676;
			remoteInfo = RCTNetwork;
		};
		00C302E31ABCB9EE00DB3ED1 /* PBXContainerItemProxy */ = {
			isa = PBXContainerItemProxy;
			containerPortal = 00C302DF1ABCB9EE00DB3ED1 /* RCTVibration.xcodeproj */;
			proxyType = 2;
			remoteGlobalIDString = 832C81801AAF6DEF007FA2F7;
			remoteInfo = RCTVibration;
		};
		00E356F41AD99517003FC87E /* PBXContainerItemProxy */ = {
			isa = PBXContainerItemProxy;
			containerPortal = 83CBB9F71A601CBA00E9B192 /* Project object */;
			proxyType = 1;
			remoteGlobalIDString = 13B07F861A680F5B00A75B9A;
			remoteInfo = teamB;
		};
		139105C01AF99BAD00B5F7CC /* PBXContainerItemProxy */ = {
			isa = PBXContainerItemProxy;
			containerPortal = 139105B61AF99BAD00B5F7CC /* RCTSettings.xcodeproj */;
			proxyType = 2;
			remoteGlobalIDString = 134814201AA4EA6300B7C361;
			remoteInfo = RCTSettings;
		};
		139FDEF31B06529B00C62182 /* PBXContainerItemProxy */ = {
			isa = PBXContainerItemProxy;
			containerPortal = 139FDEE61B06529A00C62182 /* RCTWebSocket.xcodeproj */;
			proxyType = 2;
			remoteGlobalIDString = 3C86DF461ADF2C930047B81A;
			remoteInfo = RCTWebSocket;
		};
		146834031AC3E56700842450 /* PBXContainerItemProxy */ = {
			isa = PBXContainerItemProxy;
			containerPortal = 146833FF1AC3E56700842450 /* React.xcodeproj */;
			proxyType = 2;
			remoteGlobalIDString = 83CBBA2E1A601D0E00E9B192;
			remoteInfo = React;
		};
		2D02E4911E0B4A5D006451C7 /* PBXContainerItemProxy */ = {
			isa = PBXContainerItemProxy;
			containerPortal = 83CBB9F71A601CBA00E9B192 /* Project object */;
			proxyType = 1;
			remoteGlobalIDString = 2D02E47A1E0B4A5D006451C7;
			remoteInfo = "teamB-tvOS";
		};
		2F142A0E1E688BC500184E03 /* PBXContainerItemProxy */ = {
			isa = PBXContainerItemProxy;
			containerPortal = B1D6B8D05B674AB080CA3217 /* RNImagePicker.xcodeproj */;
			proxyType = 2;
			remoteGlobalIDString = 014A3B5C1C6CF33500B6D375;
			remoteInfo = RNImagePicker;
		};
		2F35528C1E58F65600236EF4 /* PBXContainerItemProxy */ = {
			isa = PBXContainerItemProxy;
			containerPortal = 284480CF9C734E26A0C0A548 /* RCTFBSDK.xcodeproj */;
			proxyType = 2;
			remoteGlobalIDString = 9350E0F11CE3B0920041D815;
			remoteInfo = RCTFBSDK;
		};
		2F5F33C11E53A83400433DC8 /* PBXContainerItemProxy */ = {
			isa = PBXContainerItemProxy;
			containerPortal = E7F201DB1F4F4FD4B619A8D2 /* Core.xcodeproj */;
			proxyType = 2;
			remoteGlobalIDString = EBFDBAAF1CF536B60008F9A8;
			remoteInfo = Core;
		};
		2F5F342B1E53ADFF00433DC8 /* PBXContainerItemProxy */ = {
			isa = PBXContainerItemProxy;
			containerPortal = 89604360C91F45269F4B5EAE /* DynamoDB.xcodeproj */;
			proxyType = 2;
			remoteGlobalIDString = EB9657831D2C6A8600905130;
			remoteInfo = DynamoDB;
		};
		3DAD3E831DF850E9000B6D8A /* PBXContainerItemProxy */ = {
			isa = PBXContainerItemProxy;
			containerPortal = 00C302BB1ABCB91800DB3ED1 /* RCTImage.xcodeproj */;
			proxyType = 2;
			remoteGlobalIDString = 2D2A283A1D9B042B00D4039D;
			remoteInfo = "RCTImage-tvOS";
		};
		3DAD3E871DF850E9000B6D8A /* PBXContainerItemProxy */ = {
			isa = PBXContainerItemProxy;
			containerPortal = 78C398B01ACF4ADC00677621 /* RCTLinking.xcodeproj */;
			proxyType = 2;
			remoteGlobalIDString = 2D2A28471D9B043800D4039D;
			remoteInfo = "RCTLinking-tvOS";
		};
		3DAD3E8B1DF850E9000B6D8A /* PBXContainerItemProxy */ = {
			isa = PBXContainerItemProxy;
			containerPortal = 00C302D31ABCB9D200DB3ED1 /* RCTNetwork.xcodeproj */;
			proxyType = 2;
			remoteGlobalIDString = 2D2A28541D9B044C00D4039D;
			remoteInfo = "RCTNetwork-tvOS";
		};
		3DAD3E8F1DF850E9000B6D8A /* PBXContainerItemProxy */ = {
			isa = PBXContainerItemProxy;
			containerPortal = 139105B61AF99BAD00B5F7CC /* RCTSettings.xcodeproj */;
			proxyType = 2;
			remoteGlobalIDString = 2D2A28611D9B046600D4039D;
			remoteInfo = "RCTSettings-tvOS";
		};
		3DAD3E931DF850E9000B6D8A /* PBXContainerItemProxy */ = {
			isa = PBXContainerItemProxy;
			containerPortal = 832341B01AAA6A8300B99B32 /* RCTText.xcodeproj */;
			proxyType = 2;
			remoteGlobalIDString = 2D2A287B1D9B048500D4039D;
			remoteInfo = "RCTText-tvOS";
		};
		3DAD3E981DF850E9000B6D8A /* PBXContainerItemProxy */ = {
			isa = PBXContainerItemProxy;
			containerPortal = 139FDEE61B06529A00C62182 /* RCTWebSocket.xcodeproj */;
			proxyType = 2;
			remoteGlobalIDString = 2D2A28881D9B049200D4039D;
			remoteInfo = "RCTWebSocket-tvOS";
		};
		3DAD3EA21DF850E9000B6D8A /* PBXContainerItemProxy */ = {
			isa = PBXContainerItemProxy;
			containerPortal = 146833FF1AC3E56700842450 /* React.xcodeproj */;
			proxyType = 2;
			remoteGlobalIDString = 2D2A28131D9B038B00D4039D;
			remoteInfo = "React-tvOS";
		};
		3DAD3EA41DF850E9000B6D8A /* PBXContainerItemProxy */ = {
			isa = PBXContainerItemProxy;
			containerPortal = 146833FF1AC3E56700842450 /* React.xcodeproj */;
			proxyType = 2;
			remoteGlobalIDString = 3D3C059A1DE3340900C268FA;
			remoteInfo = yoga;
		};
		3DAD3EA61DF850E9000B6D8A /* PBXContainerItemProxy */ = {
			isa = PBXContainerItemProxy;
			containerPortal = 146833FF1AC3E56700842450 /* React.xcodeproj */;
			proxyType = 2;
			remoteGlobalIDString = 3D3C06751DE3340C00C268FA;
			remoteInfo = "yoga-tvOS";
		};
		3DAD3EA81DF850E9000B6D8A /* PBXContainerItemProxy */ = {
			isa = PBXContainerItemProxy;
			containerPortal = 146833FF1AC3E56700842450 /* React.xcodeproj */;
			proxyType = 2;
			remoteGlobalIDString = 3D3CD9251DE5FBEC00167DC4;
			remoteInfo = cxxreact;
		};
		3DAD3EAA1DF850E9000B6D8A /* PBXContainerItemProxy */ = {
			isa = PBXContainerItemProxy;
			containerPortal = 146833FF1AC3E56700842450 /* React.xcodeproj */;
			proxyType = 2;
			remoteGlobalIDString = 3D3CD9321DE5FBEE00167DC4;
			remoteInfo = "cxxreact-tvOS";
		};
		3DAD3EAC1DF850E9000B6D8A /* PBXContainerItemProxy */ = {
			isa = PBXContainerItemProxy;
			containerPortal = 146833FF1AC3E56700842450 /* React.xcodeproj */;
			proxyType = 2;
			remoteGlobalIDString = 3D3CD90B1DE5FBD600167DC4;
			remoteInfo = jschelpers;
		};
		3DAD3EAE1DF850E9000B6D8A /* PBXContainerItemProxy */ = {
			isa = PBXContainerItemProxy;
			containerPortal = 146833FF1AC3E56700842450 /* React.xcodeproj */;
			proxyType = 2;
			remoteGlobalIDString = 3D3CD9181DE5FBD800167DC4;
			remoteInfo = "jschelpers-tvOS";
		};
		5E9157321DD0AC6500FF2AA8 /* PBXContainerItemProxy */ = {
			isa = PBXContainerItemProxy;
			containerPortal = 5E91572D1DD0AC6500FF2AA8 /* RCTAnimation.xcodeproj */;
			proxyType = 2;
			remoteGlobalIDString = 134814201AA4EA6300B7C361;
			remoteInfo = RCTAnimation;
		};
		5E9157341DD0AC6500FF2AA8 /* PBXContainerItemProxy */ = {
			isa = PBXContainerItemProxy;
			containerPortal = 5E91572D1DD0AC6500FF2AA8 /* RCTAnimation.xcodeproj */;
			proxyType = 2;
			remoteGlobalIDString = 2D2A28201D9B03D100D4039D;
			remoteInfo = "RCTAnimation-tvOS";
		};
		78C398B81ACF4ADC00677621 /* PBXContainerItemProxy */ = {
			isa = PBXContainerItemProxy;
			containerPortal = 78C398B01ACF4ADC00677621 /* RCTLinking.xcodeproj */;
			proxyType = 2;
			remoteGlobalIDString = 134814201AA4EA6300B7C361;
			remoteInfo = RCTLinking;
		};
		832341B41AAA6A8300B99B32 /* PBXContainerItemProxy */ = {
			isa = PBXContainerItemProxy;
			containerPortal = 832341B01AAA6A8300B99B32 /* RCTText.xcodeproj */;
			proxyType = 2;
			remoteGlobalIDString = 58B5119B1A9E6C1200147676;
			remoteInfo = RCTText;
		};
		9DC3F2061E67780B00F24A9E /* PBXContainerItemProxy */ = {
			isa = PBXContainerItemProxy;
			containerPortal = 9DC3F1D91E67780B00F24A9E /* ReactNativeIcons.xcodeproj */;
			proxyType = 2;
			remoteGlobalIDString = 2F5A3EB81ACDBF8000439386;
			remoteInfo = ReactNativeIcons;
		};
		9DC3F2521E67D50400F24A9E /* PBXContainerItemProxy */ = {
			isa = PBXContainerItemProxy;
			containerPortal = 4A6BC5E7FE1E457E8697C5B6 /* RNVectorIcons.xcodeproj */;
			proxyType = 2;
			remoteGlobalIDString = 5DBEB1501B18CEA900B34395;
			remoteInfo = RNVectorIcons;
		};
/* End PBXContainerItemProxy section */

/* Begin PBXCopyFilesBuildPhase section */
		2F5F33DF1E53A95600433DC8 /* Embed Frameworks */ = {
			isa = PBXCopyFilesBuildPhase;
			buildActionMask = 2147483647;
			dstPath = "";
			dstSubfolderSpec = 10;
			files = (
				2F5F340E1E53AD8A00433DC8 /* AWSDynamoDB.framework in Embed Frameworks */,
				2F5F33DE1E53A95600433DC8 /* AWSCore.framework in Embed Frameworks */,
			);
			name = "Embed Frameworks";
			runOnlyForDeploymentPostprocessing = 0;
		};
/* End PBXCopyFilesBuildPhase section */

/* Begin PBXFileReference section */
		008F07F21AC5B25A0029DE68 /* main.jsbundle */ = {isa = PBXFileReference; fileEncoding = 4; lastKnownFileType = text; path = main.jsbundle; sourceTree = "<group>"; };
		00C302A71ABCB8CE00DB3ED1 /* RCTActionSheet.xcodeproj */ = {isa = PBXFileReference; lastKnownFileType = "wrapper.pb-project"; name = RCTActionSheet.xcodeproj; path = "../node_modules/react-native/Libraries/ActionSheetIOS/RCTActionSheet.xcodeproj"; sourceTree = "<group>"; };
		00C302B51ABCB90400DB3ED1 /* RCTGeolocation.xcodeproj */ = {isa = PBXFileReference; lastKnownFileType = "wrapper.pb-project"; name = RCTGeolocation.xcodeproj; path = "../node_modules/react-native/Libraries/Geolocation/RCTGeolocation.xcodeproj"; sourceTree = "<group>"; };
		00C302BB1ABCB91800DB3ED1 /* RCTImage.xcodeproj */ = {isa = PBXFileReference; lastKnownFileType = "wrapper.pb-project"; name = RCTImage.xcodeproj; path = "../node_modules/react-native/Libraries/Image/RCTImage.xcodeproj"; sourceTree = "<group>"; };
		00C302D31ABCB9D200DB3ED1 /* RCTNetwork.xcodeproj */ = {isa = PBXFileReference; lastKnownFileType = "wrapper.pb-project"; name = RCTNetwork.xcodeproj; path = "../node_modules/react-native/Libraries/Network/RCTNetwork.xcodeproj"; sourceTree = "<group>"; };
		00C302DF1ABCB9EE00DB3ED1 /* RCTVibration.xcodeproj */ = {isa = PBXFileReference; lastKnownFileType = "wrapper.pb-project"; name = RCTVibration.xcodeproj; path = "../node_modules/react-native/Libraries/Vibration/RCTVibration.xcodeproj"; sourceTree = "<group>"; };
		00E356EE1AD99517003FC87E /* teamBTests.xctest */ = {isa = PBXFileReference; explicitFileType = wrapper.cfbundle; includeInIndex = 0; path = teamBTests.xctest; sourceTree = BUILT_PRODUCTS_DIR; };
		00E356F11AD99517003FC87E /* Info.plist */ = {isa = PBXFileReference; lastKnownFileType = text.plist.xml; path = Info.plist; sourceTree = "<group>"; };
		00E356F21AD99517003FC87E /* teamBTests.m */ = {isa = PBXFileReference; lastKnownFileType = sourcecode.c.objc; path = teamBTests.m; sourceTree = "<group>"; };
		139105B61AF99BAD00B5F7CC /* RCTSettings.xcodeproj */ = {isa = PBXFileReference; lastKnownFileType = "wrapper.pb-project"; name = RCTSettings.xcodeproj; path = "../node_modules/react-native/Libraries/Settings/RCTSettings.xcodeproj"; sourceTree = "<group>"; };
		139FDEE61B06529A00C62182 /* RCTWebSocket.xcodeproj */ = {isa = PBXFileReference; lastKnownFileType = "wrapper.pb-project"; name = RCTWebSocket.xcodeproj; path = "../node_modules/react-native/Libraries/WebSocket/RCTWebSocket.xcodeproj"; sourceTree = "<group>"; };
		13B07F961A680F5B00A75B9A /* teamB.app */ = {isa = PBXFileReference; explicitFileType = wrapper.application; includeInIndex = 0; path = teamB.app; sourceTree = BUILT_PRODUCTS_DIR; };
		13B07FAF1A68108700A75B9A /* AppDelegate.h */ = {isa = PBXFileReference; fileEncoding = 4; lastKnownFileType = sourcecode.c.h; name = AppDelegate.h; path = teamB/AppDelegate.h; sourceTree = "<group>"; };
		13B07FB01A68108700A75B9A /* AppDelegate.m */ = {isa = PBXFileReference; fileEncoding = 4; lastKnownFileType = sourcecode.c.objc; name = AppDelegate.m; path = teamB/AppDelegate.m; sourceTree = "<group>"; };
		13B07FB21A68108700A75B9A /* Base */ = {isa = PBXFileReference; lastKnownFileType = file.xib; name = Base; path = Base.lproj/LaunchScreen.xib; sourceTree = "<group>"; };
		13B07FB51A68108700A75B9A /* Images.xcassets */ = {isa = PBXFileReference; lastKnownFileType = folder.assetcatalog; name = Images.xcassets; path = teamB/Images.xcassets; sourceTree = "<group>"; };
		13B07FB61A68108700A75B9A /* Info.plist */ = {isa = PBXFileReference; fileEncoding = 4; lastKnownFileType = text.plist.xml; name = Info.plist; path = teamB/Info.plist; sourceTree = "<group>"; };
		13B07FB71A68108700A75B9A /* main.m */ = {isa = PBXFileReference; fileEncoding = 4; lastKnownFileType = sourcecode.c.objc; name = main.m; path = teamB/main.m; sourceTree = "<group>"; };
		146833FF1AC3E56700842450 /* React.xcodeproj */ = {isa = PBXFileReference; lastKnownFileType = "wrapper.pb-project"; name = React.xcodeproj; path = "../node_modules/react-native/React/React.xcodeproj"; sourceTree = "<group>"; };
		284480CF9C734E26A0C0A548 /* RCTFBSDK.xcodeproj */ = {isa = PBXFileReference; explicitFileType = undefined; fileEncoding = 9; includeInIndex = 0; lastKnownFileType = "wrapper.pb-project"; name = RCTFBSDK.xcodeproj; path = "../node_modules/react-native-fbsdk/ios/RCTFBSDK.xcodeproj"; sourceTree = "<group>"; };
		2B482E43C08043B58C247631 /* libDynamoDB.a */ = {isa = PBXFileReference; explicitFileType = undefined; fileEncoding = 9; includeInIndex = 0; lastKnownFileType = archive.ar; path = libDynamoDB.a; sourceTree = "<group>"; };
		2D02E47B1E0B4A5D006451C7 /* teamB-tvOS.app */ = {isa = PBXFileReference; explicitFileType = wrapper.application; includeInIndex = 0; path = "teamB-tvOS.app"; sourceTree = BUILT_PRODUCTS_DIR; };
		2D02E4901E0B4A5D006451C7 /* teamB-tvOSTests.xctest */ = {isa = PBXFileReference; explicitFileType = wrapper.cfbundle; includeInIndex = 0; path = "teamB-tvOSTests.xctest"; sourceTree = BUILT_PRODUCTS_DIR; };
		2F3552621E58F2E400236EF4 /* Bolts.framework */ = {isa = PBXFileReference; lastKnownFileType = wrapper.framework; name = Bolts.framework; path = ../../Documents/FacebookSDK/Bolts.framework; sourceTree = "<group>"; };
		2F3552631E58F2E400236EF4 /* FBSDKCoreKit.framework */ = {isa = PBXFileReference; lastKnownFileType = wrapper.framework; name = FBSDKCoreKit.framework; path = ../../Documents/FacebookSDK/FBSDKCoreKit.framework; sourceTree = "<group>"; };
		2F3552641E58F2E400236EF4 /* FBSDKLoginKit.framework */ = {isa = PBXFileReference; lastKnownFileType = wrapper.framework; name = FBSDKLoginKit.framework; path = ../../Documents/FacebookSDK/FBSDKLoginKit.framework; sourceTree = "<group>"; };
		2F3552651E58F2E400236EF4 /* FBSDKShareKit.framework */ = {isa = PBXFileReference; lastKnownFileType = wrapper.framework; name = FBSDKShareKit.framework; path = ../../Documents/FacebookSDK/FBSDKShareKit.framework; sourceTree = "<group>"; };
		2F5F33DC1E53A95600433DC8 /* AWSCore.framework */ = {isa = PBXFileReference; lastKnownFileType = wrapper.framework; name = AWSCore.framework; path = "../node_modules/aws-sdk-react-native-core/ios/Frameworks/AWSCore.framework"; sourceTree = "<group>"; };
		2F5F340C1E53AD8A00433DC8 /* AWSDynamoDB.framework */ = {isa = PBXFileReference; lastKnownFileType = wrapper.framework; name = AWSDynamoDB.framework; path = "../node_modules/aws-sdk-react-native-dynamodb/ios/Frameworks/AWSDynamoDB.framework"; sourceTree = "<group>"; };
		3CEBFDA9ECA14A509BC4E2C4 /* libRNImagePicker.a */ = {isa = PBXFileReference; explicitFileType = undefined; fileEncoding = 9; includeInIndex = 0; lastKnownFileType = archive.ar; path = libRNImagePicker.a; sourceTree = "<group>"; };
		4A6BC5E7FE1E457E8697C5B6 /* RNVectorIcons.xcodeproj */ = {isa = PBXFileReference; explicitFileType = undefined; fileEncoding = 9; includeInIndex = 0; lastKnownFileType = "wrapper.pb-project"; name = RNVectorIcons.xcodeproj; path = "../node_modules/react-native-vector-icons/RNVectorIcons.xcodeproj"; sourceTree = "<group>"; };
		4E9BBC87D6CE4B2F9B9EF161 /* Foundation.ttf */ = {isa = PBXFileReference; explicitFileType = undefined; fileEncoding = 9; includeInIndex = 0; lastKnownFileType = unknown; name = Foundation.ttf; path = "../node_modules/react-native-vector-icons/Fonts/Foundation.ttf"; sourceTree = "<group>"; };
		5E91572D1DD0AC6500FF2AA8 /* RCTAnimation.xcodeproj */ = {isa = PBXFileReference; lastKnownFileType = "wrapper.pb-project"; name = RCTAnimation.xcodeproj; path = "../node_modules/react-native/Libraries/NativeAnimation/RCTAnimation.xcodeproj"; sourceTree = "<group>"; };
		68B1BC90578445FD86A0F5E2 /* libRCTFBSDK.a */ = {isa = PBXFileReference; explicitFileType = undefined; fileEncoding = 9; includeInIndex = 0; lastKnownFileType = archive.ar; path = libRCTFBSDK.a; sourceTree = "<group>"; };
		69A39429224D4957BD72812D /* Zocial.ttf */ = {isa = PBXFileReference; explicitFileType = undefined; fileEncoding = 9; includeInIndex = 0; lastKnownFileType = unknown; name = Zocial.ttf; path = "../node_modules/react-native-vector-icons/Fonts/Zocial.ttf"; sourceTree = "<group>"; };
		78C398B01ACF4ADC00677621 /* RCTLinking.xcodeproj */ = {isa = PBXFileReference; lastKnownFileType = "wrapper.pb-project"; name = RCTLinking.xcodeproj; path = "../node_modules/react-native/Libraries/LinkingIOS/RCTLinking.xcodeproj"; sourceTree = "<group>"; };
		7D8D4011600443E58326CD14 /* Ionicons.ttf */ = {isa = PBXFileReference; explicitFileType = undefined; fileEncoding = 9; includeInIndex = 0; lastKnownFileType = unknown; name = Ionicons.ttf; path = "../node_modules/react-native-vector-icons/Fonts/Ionicons.ttf"; sourceTree = "<group>"; };
		832341B01AAA6A8300B99B32 /* RCTText.xcodeproj */ = {isa = PBXFileReference; lastKnownFileType = "wrapper.pb-project"; name = RCTText.xcodeproj; path = "../node_modules/react-native/Libraries/Text/RCTText.xcodeproj"; sourceTree = "<group>"; };
		86EAB2C71A98498E8453AD4F /* MaterialCommunityIcons.ttf */ = {isa = PBXFileReference; explicitFileType = undefined; fileEncoding = 9; includeInIndex = 0; lastKnownFileType = unknown; name = MaterialCommunityIcons.ttf; path = "../node_modules/react-native-vector-icons/Fonts/MaterialCommunityIcons.ttf"; sourceTree = "<group>"; };
		89604360C91F45269F4B5EAE /* DynamoDB.xcodeproj */ = {isa = PBXFileReference; explicitFileType = undefined; fileEncoding = 9; includeInIndex = 0; lastKnownFileType = "wrapper.pb-project"; name = DynamoDB.xcodeproj; path = "../node_modules/aws-sdk-react-native-dynamodb/ios/DynamoDB.xcodeproj"; sourceTree = "<group>"; };
		9DC3F1931E67780B00F24A9E /* .npmignore */ = {isa = PBXFileReference; lastKnownFileType = text; path = .npmignore; sourceTree = "<group>"; };
		9DC3F1951E67780B00F24A9E /* build.gradle */ = {isa = PBXFileReference; lastKnownFileType = text; path = build.gradle; sourceTree = "<group>"; };
		9DC3F1961E67780B00F24A9E /* react-native-icons.iml */ = {isa = PBXFileReference; lastKnownFileType = text.xml; path = "react-native-icons.iml"; sourceTree = "<group>"; };
		9DC3F1991E67780B00F24A9E /* AndroidManifest.xml */ = {isa = PBXFileReference; lastKnownFileType = text.xml; path = AndroidManifest.xml; sourceTree = "<group>"; };
		9DC3F19E1E67780B00F24A9E /* IconFont.java */ = {isa = PBXFileReference; lastKnownFileType = sourcecode.java; path = IconFont.java; sourceTree = "<group>"; };
		9DC3F19F1E67780B00F24A9E /* IconManager.java */ = {isa = PBXFileReference; lastKnownFileType = sourcecode.java; path = IconManager.java; sourceTree = "<group>"; };
		9DC3F1A01E67780B00F24A9E /* ReactNativeIcons.java */ = {isa = PBXFileReference; lastKnownFileType = sourcecode.java; path = ReactNativeIcons.java; sourceTree = "<group>"; };
		9DC3F1A21E67780B00F24A9E /* fontawesome.json */ = {isa = PBXFileReference; lastKnownFileType = text.json; path = fontawesome.json; sourceTree = "<group>"; };
		9DC3F1A31E67780B00F24A9E /* FontAwesome.otf */ = {isa = PBXFileReference; lastKnownFileType = file; path = FontAwesome.otf; sourceTree = "<group>"; };
		9DC3F1A41E67780B00F24A9E /* foundation-icons.ttf */ = {isa = PBXFileReference; lastKnownFileType = file; path = "foundation-icons.ttf"; sourceTree = "<group>"; };
		9DC3F1A51E67780B00F24A9E /* foundation.json */ = {isa = PBXFileReference; lastKnownFileType = text.json; path = foundation.json; sourceTree = "<group>"; };
		9DC3F1A61E67780B00F24A9E /* ion.json */ = {isa = PBXFileReference; lastKnownFileType = text.json; path = ion.json; sourceTree = "<group>"; };
		9DC3F1A71E67780B00F24A9E /* ionicons.ttf */ = {isa = PBXFileReference; lastKnownFileType = file; path = ionicons.ttf; sourceTree = "<group>"; };
		9DC3F1A81E67780B00F24A9E /* Material-Design-Iconic-Font.ttf */ = {isa = PBXFileReference; lastKnownFileType = file; path = "Material-Design-Iconic-Font.ttf"; sourceTree = "<group>"; };
		9DC3F1A91E67780B00F24A9E /* material.json */ = {isa = PBXFileReference; lastKnownFileType = text.json; path = material.json; sourceTree = "<group>"; };
		9DC3F1AA1E67780B00F24A9E /* octicons.json */ = {isa = PBXFileReference; lastKnownFileType = text.json; path = octicons.json; sourceTree = "<group>"; };
		9DC3F1AB1E67780B00F24A9E /* octicons.ttf */ = {isa = PBXFileReference; lastKnownFileType = file; path = octicons.ttf; sourceTree = "<group>"; };
		9DC3F1AC1E67780B00F24A9E /* typicons.json */ = {isa = PBXFileReference; lastKnownFileType = text.json; path = typicons.json; sourceTree = "<group>"; };
		9DC3F1AD1E67780B00F24A9E /* typicons.ttf */ = {isa = PBXFileReference; lastKnownFileType = file; path = typicons.ttf; sourceTree = "<group>"; };
		9DC3F1AE1E67780B00F24A9E /* zocial.json */ = {isa = PBXFileReference; lastKnownFileType = text.json; path = zocial.json; sourceTree = "<group>"; };
		9DC3F1AF1E67780B00F24A9E /* zocial.ttf */ = {isa = PBXFileReference; lastKnownFileType = file; path = zocial.ttf; sourceTree = "<group>"; };
		9DC3F1B01E67780B00F24A9E /* index.android.js */ = {isa = PBXFileReference; lastKnownFileType = sourcecode.javascript; path = index.android.js; sourceTree = "<group>"; };
		9DC3F1B11E67780B00F24A9E /* index.ios.js */ = {isa = PBXFileReference; lastKnownFileType = sourcecode.javascript; path = index.ios.js; sourceTree = "<group>"; };
		9DC3F1B51E67780B00F24A9E /* FAKIconImage.h */ = {isa = PBXFileReference; lastKnownFileType = sourcecode.c.h; path = FAKIconImage.h; sourceTree = "<group>"; };
		9DC3F1B61E67780B00F24A9E /* FAKIconImage.m */ = {isa = PBXFileReference; lastKnownFileType = sourcecode.c.objc; path = FAKIconImage.m; sourceTree = "<group>"; };
		9DC3F1B71E67780B00F24A9E /* FAKIconImageManager.h */ = {isa = PBXFileReference; lastKnownFileType = sourcecode.c.h; path = FAKIconImageManager.h; sourceTree = "<group>"; };
		9DC3F1B81E67780B00F24A9E /* FAKIconImageManager.m */ = {isa = PBXFileReference; lastKnownFileType = sourcecode.c.objc; path = FAKIconImageManager.m; sourceTree = "<group>"; };
		9DC3F1BA1E67780B00F24A9E /* SMXTabBar.h */ = {isa = PBXFileReference; lastKnownFileType = sourcecode.c.h; path = SMXTabBar.h; sourceTree = "<group>"; };
		9DC3F1BB1E67780B00F24A9E /* SMXTabBar.m */ = {isa = PBXFileReference; lastKnownFileType = sourcecode.c.objc; path = SMXTabBar.m; sourceTree = "<group>"; };
		9DC3F1BC1E67780B00F24A9E /* SMXTabBarItem.h */ = {isa = PBXFileReference; lastKnownFileType = sourcecode.c.h; path = SMXTabBarItem.h; sourceTree = "<group>"; };
		9DC3F1BD1E67780B00F24A9E /* SMXTabBarItem.m */ = {isa = PBXFileReference; lastKnownFileType = sourcecode.c.objc; path = SMXTabBarItem.m; sourceTree = "<group>"; };
		9DC3F1BE1E67780B00F24A9E /* SMXTabBarItemManager.h */ = {isa = PBXFileReference; lastKnownFileType = sourcecode.c.h; path = SMXTabBarItemManager.h; sourceTree = "<group>"; };
		9DC3F1BF1E67780B00F24A9E /* SMXTabBarItemManager.m */ = {isa = PBXFileReference; lastKnownFileType = sourcecode.c.objc; path = SMXTabBarItemManager.m; sourceTree = "<group>"; };
		9DC3F1C01E67780B00F24A9E /* SMXTabBarManager.h */ = {isa = PBXFileReference; lastKnownFileType = sourcecode.c.h; path = SMXTabBarManager.h; sourceTree = "<group>"; };
		9DC3F1C11E67780B00F24A9E /* SMXTabBarManager.m */ = {isa = PBXFileReference; lastKnownFileType = sourcecode.c.objc; path = SMXTabBarManager.m; sourceTree = "<group>"; };
		9DC3F1C41E67780B00F24A9E /* FAKFontAwesome.h */ = {isa = PBXFileReference; lastKnownFileType = sourcecode.c.h; path = FAKFontAwesome.h; sourceTree = "<group>"; };
		9DC3F1C51E67780B00F24A9E /* FAKFontAwesome.m */ = {isa = PBXFileReference; lastKnownFileType = sourcecode.c.objc; path = FAKFontAwesome.m; sourceTree = "<group>"; };
		9DC3F1C61E67780B00F24A9E /* FAKFoundationIcons.h */ = {isa = PBXFileReference; lastKnownFileType = sourcecode.c.h; path = FAKFoundationIcons.h; sourceTree = "<group>"; };
		9DC3F1C71E67780B00F24A9E /* FAKFoundationIcons.m */ = {isa = PBXFileReference; lastKnownFileType = sourcecode.c.objc; path = FAKFoundationIcons.m; sourceTree = "<group>"; };
		9DC3F1C81E67780B00F24A9E /* FAKIcon.h */ = {isa = PBXFileReference; lastKnownFileType = sourcecode.c.h; path = FAKIcon.h; sourceTree = "<group>"; };
		9DC3F1C91E67780B00F24A9E /* FAKIcon.m */ = {isa = PBXFileReference; lastKnownFileType = sourcecode.c.objc; path = FAKIcon.m; sourceTree = "<group>"; };
		9DC3F1CA1E67780B00F24A9E /* FAKIonIcons.h */ = {isa = PBXFileReference; lastKnownFileType = sourcecode.c.h; path = FAKIonIcons.h; sourceTree = "<group>"; };
		9DC3F1CB1E67780B00F24A9E /* FAKIonIcons.m */ = {isa = PBXFileReference; lastKnownFileType = sourcecode.c.objc; path = FAKIonIcons.m; sourceTree = "<group>"; };
		9DC3F1CC1E67780B00F24A9E /* FAKMaterial.h */ = {isa = PBXFileReference; lastKnownFileType = sourcecode.c.h; path = FAKMaterial.h; sourceTree = "<group>"; };
		9DC3F1CD1E67780B00F24A9E /* FAKMaterial.m */ = {isa = PBXFileReference; lastKnownFileType = sourcecode.c.objc; path = FAKMaterial.m; sourceTree = "<group>"; };
		9DC3F1CE1E67780B00F24A9E /* FAKOcticons.h */ = {isa = PBXFileReference; lastKnownFileType = sourcecode.c.h; path = FAKOcticons.h; sourceTree = "<group>"; };
		9DC3F1CF1E67780B00F24A9E /* FAKOcticons.m */ = {isa = PBXFileReference; lastKnownFileType = sourcecode.c.objc; path = FAKOcticons.m; sourceTree = "<group>"; };
		9DC3F1D01E67780B00F24A9E /* FAKZocial.h */ = {isa = PBXFileReference; lastKnownFileType = sourcecode.c.h; path = FAKZocial.h; sourceTree = "<group>"; };
		9DC3F1D11E67780B00F24A9E /* FAKZocial.m */ = {isa = PBXFileReference; lastKnownFileType = sourcecode.c.objc; path = FAKZocial.m; sourceTree = "<group>"; };
		9DC3F1D21E67780B00F24A9E /* FontAwesome.otf */ = {isa = PBXFileReference; lastKnownFileType = file; path = FontAwesome.otf; sourceTree = "<group>"; };
		9DC3F1D31E67780B00F24A9E /* FontAwesomeKit.h */ = {isa = PBXFileReference; lastKnownFileType = sourcecode.c.h; path = FontAwesomeKit.h; sourceTree = "<group>"; };
		9DC3F1D41E67780B00F24A9E /* foundation-icons.ttf */ = {isa = PBXFileReference; lastKnownFileType = file; path = "foundation-icons.ttf"; sourceTree = "<group>"; };
		9DC3F1D51E67780B00F24A9E /* ionicons.ttf */ = {isa = PBXFileReference; lastKnownFileType = file; path = ionicons.ttf; sourceTree = "<group>"; };
		9DC3F1D61E67780B00F24A9E /* Material-Design-Iconic-Font.ttf */ = {isa = PBXFileReference; lastKnownFileType = file; path = "Material-Design-Iconic-Font.ttf"; sourceTree = "<group>"; };
		9DC3F1D71E67780B00F24A9E /* octicons.ttf */ = {isa = PBXFileReference; lastKnownFileType = file; path = octicons.ttf; sourceTree = "<group>"; };
		9DC3F1D81E67780B00F24A9E /* zocial-regular-webfont.ttf */ = {isa = PBXFileReference; lastKnownFileType = file; path = "zocial-regular-webfont.ttf"; sourceTree = "<group>"; };
		9DC3F1D91E67780B00F24A9E /* ReactNativeIcons.xcodeproj */ = {isa = PBXFileReference; lastKnownFileType = "wrapper.pb-project"; path = ReactNativeIcons.xcodeproj; sourceTree = "<group>"; };
		9DC3F1DC1E67780B00F24A9E /* LICENSE */ = {isa = PBXFileReference; lastKnownFileType = text; path = LICENSE; sourceTree = "<group>"; };
		9DC3F1DD1E67780B00F24A9E /* package.json */ = {isa = PBXFileReference; lastKnownFileType = text.json; path = package.json; sourceTree = "<group>"; };
		9DC3F1DE1E67780B00F24A9E /* react-native-icons.podspec */ = {isa = PBXFileReference; lastKnownFileType = text; path = "react-native-icons.podspec"; sourceTree = "<group>"; };
		9DC3F1DF1E67780B00F24A9E /* README.md */ = {isa = PBXFileReference; lastKnownFileType = net.daringfireball.markdown; path = README.md; sourceTree = "<group>"; };
		9DC3F1E01E67780B00F24A9E /* shim-assert.js */ = {isa = PBXFileReference; lastKnownFileType = sourcecode.javascript; path = "shim-assert.js"; sourceTree = "<group>"; };
		9DC3F1E11E67780B00F24A9E /* SMXIconImage.android.js */ = {isa = PBXFileReference; lastKnownFileType = sourcecode.javascript; path = SMXIconImage.android.js; sourceTree = "<group>"; };
		9DC3F1E21E67780B00F24A9E /* SMXIconImage.ios.js */ = {isa = PBXFileReference; lastKnownFileType = sourcecode.javascript; path = SMXIconImage.ios.js; sourceTree = "<group>"; };
		9DC3F1E31E67780B00F24A9E /* SMXLoadingImage.android.js */ = {isa = PBXFileReference; lastKnownFileType = sourcecode.javascript; path = SMXLoadingImage.android.js; sourceTree = "<group>"; };
		9DC3F1E41E67780B00F24A9E /* SMXLoadingImage.ios.js */ = {isa = PBXFileReference; lastKnownFileType = sourcecode.javascript; path = SMXLoadingImage.ios.js; sourceTree = "<group>"; };
		9DC3F1E51E67780B00F24A9E /* SMXTabBarIconItemIOS.android.js */ = {isa = PBXFileReference; lastKnownFileType = sourcecode.javascript; path = SMXTabBarIconItemIOS.android.js; sourceTree = "<group>"; };
		9DC3F1E61E67780B00F24A9E /* SMXTabBarIconItemIOS.ios.js */ = {isa = PBXFileReference; lastKnownFileType = sourcecode.javascript; path = SMXTabBarIconItemIOS.ios.js; sourceTree = "<group>"; };
		9DC3F1E71E67780B00F24A9E /* SMXTabBarIOS.android.js */ = {isa = PBXFileReference; lastKnownFileType = sourcecode.javascript; path = SMXTabBarIOS.android.js; sourceTree = "<group>"; };
		9DC3F1E81E67780B00F24A9E /* SMXTabBarIOS.ios.js */ = {isa = PBXFileReference; lastKnownFileType = sourcecode.javascript; path = SMXTabBarIOS.ios.js; sourceTree = "<group>"; };
		9DC3F20B1E6778C000F24A9E /* FAKFontAwesome.h */ = {isa = PBXFileReference; lastKnownFileType = sourcecode.c.h; path = FAKFontAwesome.h; sourceTree = "<group>"; };
		9DC3F20C1E6778C000F24A9E /* FAKFontAwesome.m */ = {isa = PBXFileReference; lastKnownFileType = sourcecode.c.objc; path = FAKFontAwesome.m; sourceTree = "<group>"; };
		9DC3F20D1E6778C000F24A9E /* FAKFoundationIcons.h */ = {isa = PBXFileReference; lastKnownFileType = sourcecode.c.h; path = FAKFoundationIcons.h; sourceTree = "<group>"; };
		9DC3F20E1E6778C000F24A9E /* FAKFoundationIcons.m */ = {isa = PBXFileReference; lastKnownFileType = sourcecode.c.objc; path = FAKFoundationIcons.m; sourceTree = "<group>"; };
		9DC3F20F1E6778C000F24A9E /* FAKIcon.h */ = {isa = PBXFileReference; lastKnownFileType = sourcecode.c.h; path = FAKIcon.h; sourceTree = "<group>"; };
		9DC3F2101E6778C000F24A9E /* FAKIcon.m */ = {isa = PBXFileReference; lastKnownFileType = sourcecode.c.objc; path = FAKIcon.m; sourceTree = "<group>"; };
		9DC3F2111E6778C000F24A9E /* FAKIonIcons.h */ = {isa = PBXFileReference; lastKnownFileType = sourcecode.c.h; path = FAKIonIcons.h; sourceTree = "<group>"; };
		9DC3F2121E6778C000F24A9E /* FAKIonIcons.m */ = {isa = PBXFileReference; lastKnownFileType = sourcecode.c.objc; path = FAKIonIcons.m; sourceTree = "<group>"; };
		9DC3F2131E6778C000F24A9E /* FAKMaterial.h */ = {isa = PBXFileReference; lastKnownFileType = sourcecode.c.h; path = FAKMaterial.h; sourceTree = "<group>"; };
		9DC3F2141E6778C000F24A9E /* FAKMaterial.m */ = {isa = PBXFileReference; lastKnownFileType = sourcecode.c.objc; path = FAKMaterial.m; sourceTree = "<group>"; };
		9DC3F2151E6778C000F24A9E /* FAKOcticons.h */ = {isa = PBXFileReference; lastKnownFileType = sourcecode.c.h; path = FAKOcticons.h; sourceTree = "<group>"; };
		9DC3F2161E6778C000F24A9E /* FAKOcticons.m */ = {isa = PBXFileReference; lastKnownFileType = sourcecode.c.objc; path = FAKOcticons.m; sourceTree = "<group>"; };
		9DC3F2171E6778C000F24A9E /* FAKZocial.h */ = {isa = PBXFileReference; lastKnownFileType = sourcecode.c.h; path = FAKZocial.h; sourceTree = "<group>"; };
		9DC3F2181E6778C000F24A9E /* FAKZocial.m */ = {isa = PBXFileReference; lastKnownFileType = sourcecode.c.objc; path = FAKZocial.m; sourceTree = "<group>"; };
		9DC3F2191E6778C000F24A9E /* FontAwesome.otf */ = {isa = PBXFileReference; lastKnownFileType = file; path = FontAwesome.otf; sourceTree = "<group>"; };
		9DC3F21A1E6778C000F24A9E /* FontAwesomeKit.h */ = {isa = PBXFileReference; lastKnownFileType = sourcecode.c.h; path = FontAwesomeKit.h; sourceTree = "<group>"; };
		9DC3F21B1E6778C000F24A9E /* foundation-icons.ttf */ = {isa = PBXFileReference; lastKnownFileType = file; path = "foundation-icons.ttf"; sourceTree = "<group>"; };
		9DC3F21C1E6778C000F24A9E /* ionicons.ttf */ = {isa = PBXFileReference; lastKnownFileType = file; path = ionicons.ttf; sourceTree = "<group>"; };
		9DC3F21D1E6778C000F24A9E /* Material-Design-Iconic-Font.ttf */ = {isa = PBXFileReference; lastKnownFileType = file; path = "Material-Design-Iconic-Font.ttf"; sourceTree = "<group>"; };
		9DC3F21E1E6778C000F24A9E /* octicons.ttf */ = {isa = PBXFileReference; lastKnownFileType = file; path = octicons.ttf; sourceTree = "<group>"; };
		9DC3F21F1E6778C000F24A9E /* zocial-regular-webfont.ttf */ = {isa = PBXFileReference; lastKnownFileType = file; path = "zocial-regular-webfont.ttf"; sourceTree = "<group>"; };
		9DC3F2551E67DDA700F24A9E /* Entypo.ttf */ = {isa = PBXFileReference; lastKnownFileType = file; path = Entypo.ttf; sourceTree = "<group>"; };
		9DC3F2561E67DDA700F24A9E /* EvilIcons.ttf */ = {isa = PBXFileReference; lastKnownFileType = file; path = EvilIcons.ttf; sourceTree = "<group>"; };
		9DC3F2571E67DDA700F24A9E /* FontAwesome.ttf */ = {isa = PBXFileReference; lastKnownFileType = file; path = FontAwesome.ttf; sourceTree = "<group>"; };
		9DC3F2581E67DDA700F24A9E /* Foundation.ttf */ = {isa = PBXFileReference; lastKnownFileType = file; path = Foundation.ttf; sourceTree = "<group>"; };
		9DC3F2591E67DDA700F24A9E /* Ionicons.ttf */ = {isa = PBXFileReference; lastKnownFileType = file; path = Ionicons.ttf; sourceTree = "<group>"; };
		9DC3F25A1E67DDA700F24A9E /* MaterialCommunityIcons.ttf */ = {isa = PBXFileReference; lastKnownFileType = file; path = MaterialCommunityIcons.ttf; sourceTree = "<group>"; };
		9DC3F25B1E67DDA700F24A9E /* MaterialIcons.ttf */ = {isa = PBXFileReference; lastKnownFileType = file; path = MaterialIcons.ttf; sourceTree = "<group>"; };
		9DC3F25C1E67DDA700F24A9E /* Octicons.ttf */ = {isa = PBXFileReference; lastKnownFileType = file; path = Octicons.ttf; sourceTree = "<group>"; };
		9DC3F25D1E67DDA700F24A9E /* SimpleLineIcons.ttf */ = {isa = PBXFileReference; lastKnownFileType = file; path = SimpleLineIcons.ttf; sourceTree = "<group>"; };
		9DC3F25E1E67DDA700F24A9E /* Zocial.ttf */ = {isa = PBXFileReference; lastKnownFileType = file; path = Zocial.ttf; sourceTree = "<group>"; };
		9DC3F2601E67DDAA00F24A9E /* Entypo.ttf */ = {isa = PBXFileReference; lastKnownFileType = file; path = Entypo.ttf; sourceTree = "<group>"; };
		9DC3F2611E67DDAA00F24A9E /* EvilIcons.ttf */ = {isa = PBXFileReference; lastKnownFileType = file; path = EvilIcons.ttf; sourceTree = "<group>"; };
		9DC3F2621E67DDAA00F24A9E /* FontAwesome.ttf */ = {isa = PBXFileReference; lastKnownFileType = file; path = FontAwesome.ttf; sourceTree = "<group>"; };
		9DC3F2631E67DDAA00F24A9E /* Foundation.ttf */ = {isa = PBXFileReference; lastKnownFileType = file; path = Foundation.ttf; sourceTree = "<group>"; };
		9DC3F2641E67DDAA00F24A9E /* Ionicons.ttf */ = {isa = PBXFileReference; lastKnownFileType = file; path = Ionicons.ttf; sourceTree = "<group>"; };
		9DC3F2651E67DDAA00F24A9E /* MaterialCommunityIcons.ttf */ = {isa = PBXFileReference; lastKnownFileType = file; path = MaterialCommunityIcons.ttf; sourceTree = "<group>"; };
		9DC3F2661E67DDAA00F24A9E /* MaterialIcons.ttf */ = {isa = PBXFileReference; lastKnownFileType = file; path = MaterialIcons.ttf; sourceTree = "<group>"; };
		9DC3F2671E67DDAA00F24A9E /* Octicons.ttf */ = {isa = PBXFileReference; lastKnownFileType = file; path = Octicons.ttf; sourceTree = "<group>"; };
		9DC3F2681E67DDAA00F24A9E /* SimpleLineIcons.ttf */ = {isa = PBXFileReference; lastKnownFileType = file; path = SimpleLineIcons.ttf; sourceTree = "<group>"; };
		9DC3F2691E67DDAA00F24A9E /* Zocial.ttf */ = {isa = PBXFileReference; lastKnownFileType = file; path = Zocial.ttf; sourceTree = "<group>"; };
		9DC3F26A1E67DDC800F24A9E /* FontAwesome.ttf */ = {isa = PBXFileReference; lastKnownFileType = file; name = FontAwesome.ttf; path = "../node_modules/react-native-vector-icons/Fonts/FontAwesome.ttf"; sourceTree = "<group>"; };
		9F057B357A4C4888AB53C0EE /* EvilIcons.ttf */ = {isa = PBXFileReference; explicitFileType = undefined; fileEncoding = 9; includeInIndex = 0; lastKnownFileType = unknown; name = EvilIcons.ttf; path = "../node_modules/react-native-vector-icons/Fonts/EvilIcons.ttf"; sourceTree = "<group>"; };
		AD27B534ABE940C7AC4BD0C3 /* Octicons.ttf */ = {isa = PBXFileReference; explicitFileType = undefined; fileEncoding = 9; includeInIndex = 0; lastKnownFileType = unknown; name = Octicons.ttf; path = "../node_modules/react-native-vector-icons/Fonts/Octicons.ttf"; sourceTree = "<group>"; };
		AE07B1308BD246C5823B0225 /* libRNVectorIcons.a */ = {isa = PBXFileReference; explicitFileType = undefined; fileEncoding = 9; includeInIndex = 0; lastKnownFileType = archive.ar; path = libRNVectorIcons.a; sourceTree = "<group>"; };
		B077161427E94332BCA14EBA /* FontAwesome.ttf */ = {isa = PBXFileReference; explicitFileType = undefined; fileEncoding = 9; includeInIndex = 0; lastKnownFileType = unknown; name = FontAwesome.ttf; path = "../node_modules/react-native-vector-icons/Fonts/FontAwesome.ttf"; sourceTree = "<group>"; };
		B1D6B8D05B674AB080CA3217 /* RNImagePicker.xcodeproj */ = {isa = PBXFileReference; explicitFileType = undefined; fileEncoding = 9; includeInIndex = 0; lastKnownFileType = "wrapper.pb-project"; name = RNImagePicker.xcodeproj; path = "../node_modules/react-native-image-picker/ios/RNImagePicker.xcodeproj"; sourceTree = "<group>"; };
		C36019DC5ED14120947C310C /* Entypo.ttf */ = {isa = PBXFileReference; explicitFileType = undefined; fileEncoding = 9; includeInIndex = 0; lastKnownFileType = unknown; name = Entypo.ttf; path = "../node_modules/react-native-vector-icons/Fonts/Entypo.ttf"; sourceTree = "<group>"; };
		CE32CAD6C0014B719FE21B52 /* libCore.a */ = {isa = PBXFileReference; explicitFileType = undefined; fileEncoding = 9; includeInIndex = 0; lastKnownFileType = archive.ar; path = libCore.a; sourceTree = "<group>"; };
		E7F201DB1F4F4FD4B619A8D2 /* Core.xcodeproj */ = {isa = PBXFileReference; explicitFileType = undefined; fileEncoding = 9; includeInIndex = 0; lastKnownFileType = "wrapper.pb-project"; name = Core.xcodeproj; path = "../node_modules/aws-sdk-react-native-core/ios/Core.xcodeproj"; sourceTree = "<group>"; };
		EF419453B8FA4BB1BB2905A0 /* SimpleLineIcons.ttf */ = {isa = PBXFileReference; explicitFileType = undefined; fileEncoding = 9; includeInIndex = 0; lastKnownFileType = unknown; name = SimpleLineIcons.ttf; path = "../node_modules/react-native-vector-icons/Fonts/SimpleLineIcons.ttf"; sourceTree = "<group>"; };
		F18CE750C115426A8C6E4348 /* MaterialIcons.ttf */ = {isa = PBXFileReference; explicitFileType = undefined; fileEncoding = 9; includeInIndex = 0; lastKnownFileType = unknown; name = MaterialIcons.ttf; path = "../node_modules/react-native-vector-icons/Fonts/MaterialIcons.ttf"; sourceTree = "<group>"; };
/* End PBXFileReference section */

/* Begin PBXFrameworksBuildPhase section */
		00E356EB1AD99517003FC87E /* Frameworks */ = {
			isa = PBXFrameworksBuildPhase;
			buildActionMask = 2147483647;
			files = (
				140ED2AC1D01E1AD002B40FF /* libReact.a in Frameworks */,
			);
			runOnlyForDeploymentPostprocessing = 0;
		};
		13B07F8C1A680F5B00A75B9A /* Frameworks */ = {
			isa = PBXFrameworksBuildPhase;
			buildActionMask = 2147483647;
			files = (
				146834051AC3E58100842450 /* libReact.a in Frameworks */,
				5E9157361DD0AC6A00FF2AA8 /* libRCTAnimation.a in Frameworks */,
				00C302E51ABCBA2D00DB3ED1 /* libRCTActionSheet.a in Frameworks */,
				00C302E71ABCBA2D00DB3ED1 /* libRCTGeolocation.a in Frameworks */,
				2F5F340D1E53AD8A00433DC8 /* AWSDynamoDB.framework in Frameworks */,
				00C302E81ABCBA2D00DB3ED1 /* libRCTImage.a in Frameworks */,
				133E29F31AD74F7200F7D852 /* libRCTLinking.a in Frameworks */,
				2F3552671E58F2E400236EF4 /* FBSDKCoreKit.framework in Frameworks */,
				00C302E91ABCBA2D00DB3ED1 /* libRCTNetwork.a in Frameworks */,
				2F5F33DD1E53A95600433DC8 /* AWSCore.framework in Frameworks */,
				139105C61AF99C1200B5F7CC /* libRCTSettings.a in Frameworks */,
				832341BD1AAA6AB300B99B32 /* libRCTText.a in Frameworks */,
				2F3552691E58F2E400236EF4 /* FBSDKShareKit.framework in Frameworks */,
				00C302EA1ABCBA2D00DB3ED1 /* libRCTVibration.a in Frameworks */,
				2F3552681E58F2E400236EF4 /* FBSDKLoginKit.framework in Frameworks */,
				2F3552661E58F2E400236EF4 /* Bolts.framework in Frameworks */,
				139FDEF61B0652A700C62182 /* libRCTWebSocket.a in Frameworks */,
				D8900657FA3042E58DC6CA63 /* libCore.a in Frameworks */,
				CF4A40744B464368B1D2BA9F /* libDynamoDB.a in Frameworks */,
				E2ED60CCB3D54DD0B610B88B /* libRCTFBSDK.a in Frameworks */,
				B56A2E6265F5437BA4C36AD7 /* libRNVectorIcons.a in Frameworks */,
				DE158452CCF14B74A6728B40 /* libRNImagePicker.a in Frameworks */,
			);
			runOnlyForDeploymentPostprocessing = 0;
		};
		2D02E4781E0B4A5D006451C7 /* Frameworks */ = {
			isa = PBXFrameworksBuildPhase;
			buildActionMask = 2147483647;
			files = (
				2D02E4C91E0B4AEC006451C7 /* libReact.a in Frameworks */,
				2D02E4C21E0B4AEC006451C7 /* libRCTAnimation-tvOS.a in Frameworks */,
				2D02E4C31E0B4AEC006451C7 /* libRCTImage-tvOS.a in Frameworks */,
				2D02E4C41E0B4AEC006451C7 /* libRCTLinking-tvOS.a in Frameworks */,
				2D02E4C51E0B4AEC006451C7 /* libRCTNetwork-tvOS.a in Frameworks */,
				2D02E4C61E0B4AEC006451C7 /* libRCTSettings-tvOS.a in Frameworks */,
				2D02E4C71E0B4AEC006451C7 /* libRCTText-tvOS.a in Frameworks */,
				2D02E4C81E0B4AEC006451C7 /* libRCTWebSocket-tvOS.a in Frameworks */,
			);
			runOnlyForDeploymentPostprocessing = 0;
		};
		2D02E48D1E0B4A5D006451C7 /* Frameworks */ = {
			isa = PBXFrameworksBuildPhase;
			buildActionMask = 2147483647;
			files = (
			);
			runOnlyForDeploymentPostprocessing = 0;
		};
/* End PBXFrameworksBuildPhase section */

/* Begin PBXGroup section */
		00C302A81ABCB8CE00DB3ED1 /* Products */ = {
			isa = PBXGroup;
			children = (
				00C302AC1ABCB8CE00DB3ED1 /* libRCTActionSheet.a */,
			);
			name = Products;
			sourceTree = "<group>";
		};
		00C302B61ABCB90400DB3ED1 /* Products */ = {
			isa = PBXGroup;
			children = (
				00C302BA1ABCB90400DB3ED1 /* libRCTGeolocation.a */,
			);
			name = Products;
			sourceTree = "<group>";
		};
		00C302BC1ABCB91800DB3ED1 /* Products */ = {
			isa = PBXGroup;
			children = (
				00C302C01ABCB91800DB3ED1 /* libRCTImage.a */,
				3DAD3E841DF850E9000B6D8A /* libRCTImage-tvOS.a */,
			);
			name = Products;
			sourceTree = "<group>";
		};
		00C302D41ABCB9D200DB3ED1 /* Products */ = {
			isa = PBXGroup;
			children = (
				00C302DC1ABCB9D200DB3ED1 /* libRCTNetwork.a */,
				3DAD3E8C1DF850E9000B6D8A /* libRCTNetwork-tvOS.a */,
			);
			name = Products;
			sourceTree = "<group>";
		};
		00C302E01ABCB9EE00DB3ED1 /* Products */ = {
			isa = PBXGroup;
			children = (
				00C302E41ABCB9EE00DB3ED1 /* libRCTVibration.a */,
			);
			name = Products;
			sourceTree = "<group>";
		};
		00E356EF1AD99517003FC87E /* teamBTests */ = {
			isa = PBXGroup;
			children = (
				00E356F21AD99517003FC87E /* teamBTests.m */,
				00E356F01AD99517003FC87E /* Supporting Files */,
			);
			path = teamBTests;
			sourceTree = "<group>";
		};
		00E356F01AD99517003FC87E /* Supporting Files */ = {
			isa = PBXGroup;
			children = (
				00E356F11AD99517003FC87E /* Info.plist */,
			);
			name = "Supporting Files";
			sourceTree = "<group>";
		};
		139105B71AF99BAD00B5F7CC /* Products */ = {
			isa = PBXGroup;
			children = (
				139105C11AF99BAD00B5F7CC /* libRCTSettings.a */,
				3DAD3E901DF850E9000B6D8A /* libRCTSettings-tvOS.a */,
			);
			name = Products;
			sourceTree = "<group>";
		};
		139FDEE71B06529A00C62182 /* Products */ = {
			isa = PBXGroup;
			children = (
				139FDEF41B06529B00C62182 /* libRCTWebSocket.a */,
				3DAD3E991DF850E9000B6D8A /* libRCTWebSocket-tvOS.a */,
			);
			name = Products;
			sourceTree = "<group>";
		};
		13B07FAE1A68108700A75B9A /* teamB */ = {
			isa = PBXGroup;
			children = (
				008F07F21AC5B25A0029DE68 /* main.jsbundle */,
				13B07FAF1A68108700A75B9A /* AppDelegate.h */,
				13B07FB01A68108700A75B9A /* AppDelegate.m */,
				13B07FB51A68108700A75B9A /* Images.xcassets */,
				13B07FB61A68108700A75B9A /* Info.plist */,
				13B07FB11A68108700A75B9A /* LaunchScreen.xib */,
				13B07FB71A68108700A75B9A /* main.m */,
			);
			name = teamB;
			sourceTree = "<group>";
		};
		146834001AC3E56700842450 /* Products */ = {
			isa = PBXGroup;
			children = (
				146834041AC3E56700842450 /* libReact.a */,
				3DAD3EA31DF850E9000B6D8A /* libReact.a */,
				3DAD3EA51DF850E9000B6D8A /* libyoga.a */,
				3DAD3EA71DF850E9000B6D8A /* libyoga.a */,
				3DAD3EA91DF850E9000B6D8A /* libcxxreact.a */,
				3DAD3EAB1DF850E9000B6D8A /* libcxxreact.a */,
				3DAD3EAD1DF850E9000B6D8A /* libjschelpers.a */,
				3DAD3EAF1DF850E9000B6D8A /* libjschelpers.a */,
			);
			name = Products;
			sourceTree = "<group>";
		};
		1F2A8C29DF3B4E2889BA4B83 /* Resources */ = {
			isa = PBXGroup;
			children = (
				C36019DC5ED14120947C310C /* Entypo.ttf */,
				9F057B357A4C4888AB53C0EE /* EvilIcons.ttf */,
				B077161427E94332BCA14EBA /* FontAwesome.ttf */,
				4E9BBC87D6CE4B2F9B9EF161 /* Foundation.ttf */,
				7D8D4011600443E58326CD14 /* Ionicons.ttf */,
				86EAB2C71A98498E8453AD4F /* MaterialCommunityIcons.ttf */,
				F18CE750C115426A8C6E4348 /* MaterialIcons.ttf */,
				AD27B534ABE940C7AC4BD0C3 /* Octicons.ttf */,
				EF419453B8FA4BB1BB2905A0 /* SimpleLineIcons.ttf */,
				69A39429224D4957BD72812D /* Zocial.ttf */,
			);
			name = Resources;
			sourceTree = "<unknown>";
		};
		2F1429EF1E688BC500184E03 /* Products */ = {
			isa = PBXGroup;
			children = (
				2F142A0F1E688BC500184E03 /* libRNImagePicker.a */,
			);
			name = Products;
			sourceTree = "<group>";
		};
		2F3552611E58F25300236EF4 /* Frameworks */ = {
			isa = PBXGroup;
			children = (
				9DC3F25F1E67DDAA00F24A9E /* Fonts */,
				9DC3F2541E67DDA700F24A9E /* Fonts */,
				9DC3F2091E6778C000F24A9E /* Libraries */,
				9DC3F1921E67780B00F24A9E /* react-native-icons */,
				2F3552621E58F2E400236EF4 /* Bolts.framework */,
				2F3552631E58F2E400236EF4 /* FBSDKCoreKit.framework */,
				2F3552641E58F2E400236EF4 /* FBSDKLoginKit.framework */,
				2F3552651E58F2E400236EF4 /* FBSDKShareKit.framework */,
			);
			name = Frameworks;
			sourceTree = "<group>";
		};
		2F3552841E58F65500236EF4 /* Products */ = {
			isa = PBXGroup;
			children = (
				2F35528D1E58F65600236EF4 /* libRCTFBSDK.a */,
			);
			name = Products;
			sourceTree = "<group>";
		};
		2F5F33BE1E53A83400433DC8 /* Products */ = {
			isa = PBXGroup;
			children = (
				2F5F33C21E53A83400433DC8 /* libCore.a */,
			);
			name = Products;
			sourceTree = "<group>";
		};
		2F5F34271E53ADFF00433DC8 /* Products */ = {
			isa = PBXGroup;
			children = (
				2F5F342C1E53ADFF00433DC8 /* libDynamoDB.a */,
			);
			name = Products;
			sourceTree = "<group>";
		};
		5E91572E1DD0AC6500FF2AA8 /* Products */ = {
			isa = PBXGroup;
			children = (
				5E9157331DD0AC6500FF2AA8 /* libRCTAnimation.a */,
				5E9157351DD0AC6500FF2AA8 /* libRCTAnimation-tvOS.a */,
			);
			name = Products;
			sourceTree = "<group>";
		};
		78C398B11ACF4ADC00677621 /* Products */ = {
			isa = PBXGroup;
			children = (
				78C398B91ACF4ADC00677621 /* libRCTLinking.a */,
				3DAD3E881DF850E9000B6D8A /* libRCTLinking-tvOS.a */,
			);
			name = Products;
			sourceTree = "<group>";
		};
		832341AE1AAA6A7D00B99B32 /* Libraries */ = {
			isa = PBXGroup;
			children = (
				5E91572D1DD0AC6500FF2AA8 /* RCTAnimation.xcodeproj */,
				146833FF1AC3E56700842450 /* React.xcodeproj */,
				00C302A71ABCB8CE00DB3ED1 /* RCTActionSheet.xcodeproj */,
				00C302B51ABCB90400DB3ED1 /* RCTGeolocation.xcodeproj */,
				00C302BB1ABCB91800DB3ED1 /* RCTImage.xcodeproj */,
				78C398B01ACF4ADC00677621 /* RCTLinking.xcodeproj */,
				00C302D31ABCB9D200DB3ED1 /* RCTNetwork.xcodeproj */,
				139105B61AF99BAD00B5F7CC /* RCTSettings.xcodeproj */,
				832341B01AAA6A8300B99B32 /* RCTText.xcodeproj */,
				00C302DF1ABCB9EE00DB3ED1 /* RCTVibration.xcodeproj */,
				139FDEE61B06529A00C62182 /* RCTWebSocket.xcodeproj */,
				E7F201DB1F4F4FD4B619A8D2 /* Core.xcodeproj */,
				89604360C91F45269F4B5EAE /* DynamoDB.xcodeproj */,
				284480CF9C734E26A0C0A548 /* RCTFBSDK.xcodeproj */,
				4A6BC5E7FE1E457E8697C5B6 /* RNVectorIcons.xcodeproj */,
				B1D6B8D05B674AB080CA3217 /* RNImagePicker.xcodeproj */,
			);
			name = Libraries;
			sourceTree = "<group>";
		};
		832341B11AAA6A8300B99B32 /* Products */ = {
			isa = PBXGroup;
			children = (
				832341B51AAA6A8300B99B32 /* libRCTText.a */,
				3DAD3E941DF850E9000B6D8A /* libRCTText-tvOS.a */,
			);
			name = Products;
			sourceTree = "<group>";
		};
		83CBB9F61A601CBA00E9B192 = {
			isa = PBXGroup;
			children = (
				9DC3F26A1E67DDC800F24A9E /* FontAwesome.ttf */,
				2F3552611E58F25300236EF4 /* Frameworks */,
				2F5F340C1E53AD8A00433DC8 /* AWSDynamoDB.framework */,
				2F5F33DC1E53A95600433DC8 /* AWSCore.framework */,
				13B07FAE1A68108700A75B9A /* teamB */,
				832341AE1AAA6A7D00B99B32 /* Libraries */,
				00E356EF1AD99517003FC87E /* teamBTests */,
				83CBBA001A601CBA00E9B192 /* Products */,
				1F2A8C29DF3B4E2889BA4B83 /* Resources */,
			);
			indentWidth = 2;
			sourceTree = "<group>";
			tabWidth = 2;
		};
		83CBBA001A601CBA00E9B192 /* Products */ = {
			isa = PBXGroup;
			children = (
				13B07F961A680F5B00A75B9A /* teamB.app */,
				00E356EE1AD99517003FC87E /* teamBTests.xctest */,
				2D02E47B1E0B4A5D006451C7 /* teamB-tvOS.app */,
				2D02E4901E0B4A5D006451C7 /* teamB-tvOSTests.xctest */,
			);
			name = Products;
			sourceTree = "<group>";
		};
		9DC3F1921E67780B00F24A9E /* react-native-icons */ = {
			isa = PBXGroup;
			children = (
				9DC3F1931E67780B00F24A9E /* .npmignore */,
				9DC3F1941E67780B00F24A9E /* android */,
				9DC3F1A11E67780B00F24A9E /* fonts */,
				9DC3F1B01E67780B00F24A9E /* index.android.js */,
				9DC3F1B11E67780B00F24A9E /* index.ios.js */,
				9DC3F1B21E67780B00F24A9E /* ios */,
				9DC3F1DC1E67780B00F24A9E /* LICENSE */,
				9DC3F1DD1E67780B00F24A9E /* package.json */,
				9DC3F1DE1E67780B00F24A9E /* react-native-icons.podspec */,
				9DC3F1DF1E67780B00F24A9E /* README.md */,
				9DC3F1E01E67780B00F24A9E /* shim-assert.js */,
				9DC3F1E11E67780B00F24A9E /* SMXIconImage.android.js */,
				9DC3F1E21E67780B00F24A9E /* SMXIconImage.ios.js */,
				9DC3F1E31E67780B00F24A9E /* SMXLoadingImage.android.js */,
				9DC3F1E41E67780B00F24A9E /* SMXLoadingImage.ios.js */,
				9DC3F1E51E67780B00F24A9E /* SMXTabBarIconItemIOS.android.js */,
				9DC3F1E61E67780B00F24A9E /* SMXTabBarIconItemIOS.ios.js */,
				9DC3F1E71E67780B00F24A9E /* SMXTabBarIOS.android.js */,
				9DC3F1E81E67780B00F24A9E /* SMXTabBarIOS.ios.js */,
			);
			name = "react-native-icons";
			path = "../node_modules/react-native-icons";
			sourceTree = "<group>";
		};
		9DC3F1941E67780B00F24A9E /* android */ = {
			isa = PBXGroup;
			children = (
				9DC3F1951E67780B00F24A9E /* build.gradle */,
				9DC3F1961E67780B00F24A9E /* react-native-icons.iml */,
				9DC3F1971E67780B00F24A9E /* src */,
			);
			path = android;
			sourceTree = "<group>";
		};
		9DC3F1971E67780B00F24A9E /* src */ = {
			isa = PBXGroup;
			children = (
				9DC3F1981E67780B00F24A9E /* main */,
			);
			path = src;
			sourceTree = "<group>";
		};
		9DC3F1981E67780B00F24A9E /* main */ = {
			isa = PBXGroup;
			children = (
				9DC3F1991E67780B00F24A9E /* AndroidManifest.xml */,
				9DC3F19A1E67780B00F24A9E /* java */,
			);
			path = main;
			sourceTree = "<group>";
		};
		9DC3F19A1E67780B00F24A9E /* java */ = {
			isa = PBXGroup;
			children = (
				9DC3F19B1E67780B00F24A9E /* com */,
			);
			path = java;
			sourceTree = "<group>";
		};
		9DC3F19B1E67780B00F24A9E /* com */ = {
			isa = PBXGroup;
			children = (
				9DC3F19C1E67780B00F24A9E /* smixx */,
			);
			path = com;
			sourceTree = "<group>";
		};
		9DC3F19C1E67780B00F24A9E /* smixx */ = {
			isa = PBXGroup;
			children = (
				9DC3F19D1E67780B00F24A9E /* reactnativeicons */,
			);
			path = smixx;
			sourceTree = "<group>";
		};
		9DC3F19D1E67780B00F24A9E /* reactnativeicons */ = {
			isa = PBXGroup;
			children = (
				9DC3F19E1E67780B00F24A9E /* IconFont.java */,
				9DC3F19F1E67780B00F24A9E /* IconManager.java */,
				9DC3F1A01E67780B00F24A9E /* ReactNativeIcons.java */,
			);
			path = reactnativeicons;
			sourceTree = "<group>";
		};
		9DC3F1A11E67780B00F24A9E /* fonts */ = {
			isa = PBXGroup;
			children = (
				9DC3F1A21E67780B00F24A9E /* fontawesome.json */,
				9DC3F1A31E67780B00F24A9E /* FontAwesome.otf */,
				9DC3F1A41E67780B00F24A9E /* foundation-icons.ttf */,
				9DC3F1A51E67780B00F24A9E /* foundation.json */,
				9DC3F1A61E67780B00F24A9E /* ion.json */,
				9DC3F1A71E67780B00F24A9E /* ionicons.ttf */,
				9DC3F1A81E67780B00F24A9E /* Material-Design-Iconic-Font.ttf */,
				9DC3F1A91E67780B00F24A9E /* material.json */,
				9DC3F1AA1E67780B00F24A9E /* octicons.json */,
				9DC3F1AB1E67780B00F24A9E /* octicons.ttf */,
				9DC3F1AC1E67780B00F24A9E /* typicons.json */,
				9DC3F1AD1E67780B00F24A9E /* typicons.ttf */,
				9DC3F1AE1E67780B00F24A9E /* zocial.json */,
				9DC3F1AF1E67780B00F24A9E /* zocial.ttf */,
			);
			path = fonts;
			sourceTree = "<group>";
		};
		9DC3F1B21E67780B00F24A9E /* ios */ = {
			isa = PBXGroup;
			children = (
				9DC3F1B31E67780B00F24A9E /* ReactNativeIcons */,
				9DC3F1D91E67780B00F24A9E /* ReactNativeIcons.xcodeproj */,
			);
			path = ios;
			sourceTree = "<group>";
		};
		9DC3F1B31E67780B00F24A9E /* ReactNativeIcons */ = {
			isa = PBXGroup;
			children = (
				9DC3F1B41E67780B00F24A9E /* FAKIconImage */,
				9DC3F1B91E67780B00F24A9E /* IconTabBarItem */,
				9DC3F1C21E67780B00F24A9E /* Libraries */,
			);
			path = ReactNativeIcons;
			sourceTree = "<group>";
		};
		9DC3F1B41E67780B00F24A9E /* FAKIconImage */ = {
			isa = PBXGroup;
			children = (
				9DC3F1B51E67780B00F24A9E /* FAKIconImage.h */,
				9DC3F1B61E67780B00F24A9E /* FAKIconImage.m */,
				9DC3F1B71E67780B00F24A9E /* FAKIconImageManager.h */,
				9DC3F1B81E67780B00F24A9E /* FAKIconImageManager.m */,
			);
			path = FAKIconImage;
			sourceTree = "<group>";
		};
		9DC3F1B91E67780B00F24A9E /* IconTabBarItem */ = {
			isa = PBXGroup;
			children = (
				9DC3F1BA1E67780B00F24A9E /* SMXTabBar.h */,
				9DC3F1BB1E67780B00F24A9E /* SMXTabBar.m */,
				9DC3F1BC1E67780B00F24A9E /* SMXTabBarItem.h */,
				9DC3F1BD1E67780B00F24A9E /* SMXTabBarItem.m */,
				9DC3F1BE1E67780B00F24A9E /* SMXTabBarItemManager.h */,
				9DC3F1BF1E67780B00F24A9E /* SMXTabBarItemManager.m */,
				9DC3F1C01E67780B00F24A9E /* SMXTabBarManager.h */,
				9DC3F1C11E67780B00F24A9E /* SMXTabBarManager.m */,
			);
			path = IconTabBarItem;
			sourceTree = "<group>";
		};
		9DC3F1C21E67780B00F24A9E /* Libraries */ = {
			isa = PBXGroup;
			children = (
				9DC3F1C31E67780B00F24A9E /* FontAwesomeKit */,
			);
			path = Libraries;
			sourceTree = "<group>";
		};
		9DC3F1C31E67780B00F24A9E /* FontAwesomeKit */ = {
			isa = PBXGroup;
			children = (
				9DC3F1C41E67780B00F24A9E /* FAKFontAwesome.h */,
				9DC3F1C51E67780B00F24A9E /* FAKFontAwesome.m */,
				9DC3F1C61E67780B00F24A9E /* FAKFoundationIcons.h */,
				9DC3F1C71E67780B00F24A9E /* FAKFoundationIcons.m */,
				9DC3F1C81E67780B00F24A9E /* FAKIcon.h */,
				9DC3F1C91E67780B00F24A9E /* FAKIcon.m */,
				9DC3F1CA1E67780B00F24A9E /* FAKIonIcons.h */,
				9DC3F1CB1E67780B00F24A9E /* FAKIonIcons.m */,
				9DC3F1CC1E67780B00F24A9E /* FAKMaterial.h */,
				9DC3F1CD1E67780B00F24A9E /* FAKMaterial.m */,
				9DC3F1CE1E67780B00F24A9E /* FAKOcticons.h */,
				9DC3F1CF1E67780B00F24A9E /* FAKOcticons.m */,
				9DC3F1D01E67780B00F24A9E /* FAKZocial.h */,
				9DC3F1D11E67780B00F24A9E /* FAKZocial.m */,
				9DC3F1D21E67780B00F24A9E /* FontAwesome.otf */,
				9DC3F1D31E67780B00F24A9E /* FontAwesomeKit.h */,
				9DC3F1D41E67780B00F24A9E /* foundation-icons.ttf */,
				9DC3F1D51E67780B00F24A9E /* ionicons.ttf */,
				9DC3F1D61E67780B00F24A9E /* Material-Design-Iconic-Font.ttf */,
				9DC3F1D71E67780B00F24A9E /* octicons.ttf */,
				9DC3F1D81E67780B00F24A9E /* zocial-regular-webfont.ttf */,
			);
			path = FontAwesomeKit;
			sourceTree = "<group>";
		};
		9DC3F1DA1E67780B00F24A9E /* Products */ = {
			isa = PBXGroup;
			children = (
				9DC3F2071E67780B00F24A9E /* libReactNativeIcons.a */,
			);
			name = Products;
			sourceTree = "<group>";
		};
		9DC3F2091E6778C000F24A9E /* Libraries */ = {
			isa = PBXGroup;
			children = (
				9DC3F20A1E6778C000F24A9E /* FontAwesomeKit */,
			);
			name = Libraries;
			path = "../node_modules/react-native-icons/ios/ReactNativeIcons/Libraries";
			sourceTree = "<group>";
		};
		9DC3F20A1E6778C000F24A9E /* FontAwesomeKit */ = {
			isa = PBXGroup;
			children = (
				9DC3F20B1E6778C000F24A9E /* FAKFontAwesome.h */,
				9DC3F20C1E6778C000F24A9E /* FAKFontAwesome.m */,
				9DC3F20D1E6778C000F24A9E /* FAKFoundationIcons.h */,
				9DC3F20E1E6778C000F24A9E /* FAKFoundationIcons.m */,
				9DC3F20F1E6778C000F24A9E /* FAKIcon.h */,
				9DC3F2101E6778C000F24A9E /* FAKIcon.m */,
				9DC3F2111E6778C000F24A9E /* FAKIonIcons.h */,
				9DC3F2121E6778C000F24A9E /* FAKIonIcons.m */,
				9DC3F2131E6778C000F24A9E /* FAKMaterial.h */,
				9DC3F2141E6778C000F24A9E /* FAKMaterial.m */,
				9DC3F2151E6778C000F24A9E /* FAKOcticons.h */,
				9DC3F2161E6778C000F24A9E /* FAKOcticons.m */,
				9DC3F2171E6778C000F24A9E /* FAKZocial.h */,
				9DC3F2181E6778C000F24A9E /* FAKZocial.m */,
				9DC3F2191E6778C000F24A9E /* FontAwesome.otf */,
				9DC3F21A1E6778C000F24A9E /* FontAwesomeKit.h */,
				9DC3F21B1E6778C000F24A9E /* foundation-icons.ttf */,
				9DC3F21C1E6778C000F24A9E /* ionicons.ttf */,
				9DC3F21D1E6778C000F24A9E /* Material-Design-Iconic-Font.ttf */,
				9DC3F21E1E6778C000F24A9E /* octicons.ttf */,
				9DC3F21F1E6778C000F24A9E /* zocial-regular-webfont.ttf */,
			);
			path = FontAwesomeKit;
			sourceTree = "<group>";
		};
		9DC3F2331E67D50400F24A9E /* Products */ = {
			isa = PBXGroup;
			children = (
				9DC3F2531E67D50400F24A9E /* libRNVectorIcons.a */,
			);
			name = Products;
			sourceTree = "<group>";
		};
		9DC3F2541E67DDA700F24A9E /* Fonts */ = {
			isa = PBXGroup;
			children = (
				9DC3F2551E67DDA700F24A9E /* Entypo.ttf */,
				9DC3F2561E67DDA700F24A9E /* EvilIcons.ttf */,
				9DC3F2571E67DDA700F24A9E /* FontAwesome.ttf */,
				9DC3F2581E67DDA700F24A9E /* Foundation.ttf */,
				9DC3F2591E67DDA700F24A9E /* Ionicons.ttf */,
				9DC3F25A1E67DDA700F24A9E /* MaterialCommunityIcons.ttf */,
				9DC3F25B1E67DDA700F24A9E /* MaterialIcons.ttf */,
				9DC3F25C1E67DDA700F24A9E /* Octicons.ttf */,
				9DC3F25D1E67DDA700F24A9E /* SimpleLineIcons.ttf */,
				9DC3F25E1E67DDA700F24A9E /* Zocial.ttf */,
			);
			name = Fonts;
			path = "../node_modules/react-native-vector-icons/Fonts";
			sourceTree = "<group>";
		};
		9DC3F25F1E67DDAA00F24A9E /* Fonts */ = {
			isa = PBXGroup;
			children = (
				9DC3F2601E67DDAA00F24A9E /* Entypo.ttf */,
				9DC3F2611E67DDAA00F24A9E /* EvilIcons.ttf */,
				9DC3F2621E67DDAA00F24A9E /* FontAwesome.ttf */,
				9DC3F2631E67DDAA00F24A9E /* Foundation.ttf */,
				9DC3F2641E67DDAA00F24A9E /* Ionicons.ttf */,
				9DC3F2651E67DDAA00F24A9E /* MaterialCommunityIcons.ttf */,
				9DC3F2661E67DDAA00F24A9E /* MaterialIcons.ttf */,
				9DC3F2671E67DDAA00F24A9E /* Octicons.ttf */,
				9DC3F2681E67DDAA00F24A9E /* SimpleLineIcons.ttf */,
				9DC3F2691E67DDAA00F24A9E /* Zocial.ttf */,
			);
			name = Fonts;
			path = "../node_modules/react-native-vector-icons/Fonts";
			sourceTree = "<group>";
		};
/* End PBXGroup section */

/* Begin PBXNativeTarget section */
		00E356ED1AD99517003FC87E /* teamBTests */ = {
			isa = PBXNativeTarget;
			buildConfigurationList = 00E357021AD99517003FC87E /* Build configuration list for PBXNativeTarget "teamBTests" */;
			buildPhases = (
				00E356EA1AD99517003FC87E /* Sources */,
				00E356EB1AD99517003FC87E /* Frameworks */,
				00E356EC1AD99517003FC87E /* Resources */,
			);
			buildRules = (
			);
			dependencies = (
				00E356F51AD99517003FC87E /* PBXTargetDependency */,
			);
			name = teamBTests;
			productName = teamBTests;
			productReference = 00E356EE1AD99517003FC87E /* teamBTests.xctest */;
			productType = "com.apple.product-type.bundle.unit-test";
		};
		13B07F861A680F5B00A75B9A /* teamB */ = {
			isa = PBXNativeTarget;
			buildConfigurationList = 13B07F931A680F5B00A75B9A /* Build configuration list for PBXNativeTarget "teamB" */;
			buildPhases = (
				13B07F871A680F5B00A75B9A /* Sources */,
				13B07F8C1A680F5B00A75B9A /* Frameworks */,
				13B07F8E1A680F5B00A75B9A /* Resources */,
				00DD1BFF1BD5951E006B06BC /* Bundle React Native code and images */,
				2F5F33DF1E53A95600433DC8 /* Embed Frameworks */,
				2F5F33E01E53AB0D00433DC8 /* ShellScript */,
			);
			buildRules = (
			);
			dependencies = (
			);
			name = teamB;
			productName = "Hello World";
			productReference = 13B07F961A680F5B00A75B9A /* teamB.app */;
			productType = "com.apple.product-type.application";
		};
		2D02E47A1E0B4A5D006451C7 /* teamB-tvOS */ = {
			isa = PBXNativeTarget;
			buildConfigurationList = 2D02E4BA1E0B4A5E006451C7 /* Build configuration list for PBXNativeTarget "teamB-tvOS" */;
			buildPhases = (
				2D02E4771E0B4A5D006451C7 /* Sources */,
				2D02E4781E0B4A5D006451C7 /* Frameworks */,
				2D02E4791E0B4A5D006451C7 /* Resources */,
				2D02E4CB1E0B4B27006451C7 /* Bundle React Native Code And Images */,
			);
			buildRules = (
			);
			dependencies = (
			);
			name = "teamB-tvOS";
			productName = "teamB-tvOS";
			productReference = 2D02E47B1E0B4A5D006451C7 /* teamB-tvOS.app */;
			productType = "com.apple.product-type.application";
		};
		2D02E48F1E0B4A5D006451C7 /* teamB-tvOSTests */ = {
			isa = PBXNativeTarget;
			buildConfigurationList = 2D02E4BB1E0B4A5E006451C7 /* Build configuration list for PBXNativeTarget "teamB-tvOSTests" */;
			buildPhases = (
				2D02E48C1E0B4A5D006451C7 /* Sources */,
				2D02E48D1E0B4A5D006451C7 /* Frameworks */,
				2D02E48E1E0B4A5D006451C7 /* Resources */,
			);
			buildRules = (
			);
			dependencies = (
				2D02E4921E0B4A5D006451C7 /* PBXTargetDependency */,
			);
			name = "teamB-tvOSTests";
			productName = "teamB-tvOSTests";
			productReference = 2D02E4901E0B4A5D006451C7 /* teamB-tvOSTests.xctest */;
			productType = "com.apple.product-type.bundle.unit-test";
		};
/* End PBXNativeTarget section */

/* Begin PBXProject section */
		83CBB9F71A601CBA00E9B192 /* Project object */ = {
			isa = PBXProject;
			attributes = {
				LastUpgradeCheck = 610;
				ORGANIZATIONNAME = Facebook;
				TargetAttributes = {
					00E356ED1AD99517003FC87E = {
						CreatedOnToolsVersion = 6.2;
						TestTargetID = 13B07F861A680F5B00A75B9A;
					};
					2D02E47A1E0B4A5D006451C7 = {
						CreatedOnToolsVersion = 8.2.1;
						ProvisioningStyle = Automatic;
					};
					2D02E48F1E0B4A5D006451C7 = {
						CreatedOnToolsVersion = 8.2.1;
						ProvisioningStyle = Automatic;
						TestTargetID = 2D02E47A1E0B4A5D006451C7;
					};
				};
			};
			buildConfigurationList = 83CBB9FA1A601CBA00E9B192 /* Build configuration list for PBXProject "teamB" */;
			compatibilityVersion = "Xcode 3.2";
			developmentRegion = English;
			hasScannedForEncodings = 0;
			knownRegions = (
				en,
				Base,
			);
			mainGroup = 83CBB9F61A601CBA00E9B192;
			productRefGroup = 83CBBA001A601CBA00E9B192 /* Products */;
			projectDirPath = "";
			projectReferences = (
				{
					ProductGroup = 2F5F33BE1E53A83400433DC8 /* Products */;
					ProjectRef = E7F201DB1F4F4FD4B619A8D2 /* Core.xcodeproj */;
				},
				{
					ProductGroup = 2F5F34271E53ADFF00433DC8 /* Products */;
					ProjectRef = 89604360C91F45269F4B5EAE /* DynamoDB.xcodeproj */;
				},
				{
					ProductGroup = 00C302A81ABCB8CE00DB3ED1 /* Products */;
					ProjectRef = 00C302A71ABCB8CE00DB3ED1 /* RCTActionSheet.xcodeproj */;
				},
				{
					ProductGroup = 5E91572E1DD0AC6500FF2AA8 /* Products */;
					ProjectRef = 5E91572D1DD0AC6500FF2AA8 /* RCTAnimation.xcodeproj */;
				},
				{
					ProductGroup = 2F3552841E58F65500236EF4 /* Products */;
					ProjectRef = 284480CF9C734E26A0C0A548 /* RCTFBSDK.xcodeproj */;
				},
				{
					ProductGroup = 00C302B61ABCB90400DB3ED1 /* Products */;
					ProjectRef = 00C302B51ABCB90400DB3ED1 /* RCTGeolocation.xcodeproj */;
				},
				{
					ProductGroup = 00C302BC1ABCB91800DB3ED1 /* Products */;
					ProjectRef = 00C302BB1ABCB91800DB3ED1 /* RCTImage.xcodeproj */;
				},
				{
					ProductGroup = 78C398B11ACF4ADC00677621 /* Products */;
					ProjectRef = 78C398B01ACF4ADC00677621 /* RCTLinking.xcodeproj */;
				},
				{
					ProductGroup = 00C302D41ABCB9D200DB3ED1 /* Products */;
					ProjectRef = 00C302D31ABCB9D200DB3ED1 /* RCTNetwork.xcodeproj */;
				},
				{
					ProductGroup = 139105B71AF99BAD00B5F7CC /* Products */;
					ProjectRef = 139105B61AF99BAD00B5F7CC /* RCTSettings.xcodeproj */;
				},
				{
					ProductGroup = 832341B11AAA6A8300B99B32 /* Products */;
					ProjectRef = 832341B01AAA6A8300B99B32 /* RCTText.xcodeproj */;
				},
				{
					ProductGroup = 00C302E01ABCB9EE00DB3ED1 /* Products */;
					ProjectRef = 00C302DF1ABCB9EE00DB3ED1 /* RCTVibration.xcodeproj */;
				},
				{
					ProductGroup = 139FDEE71B06529A00C62182 /* Products */;
					ProjectRef = 139FDEE61B06529A00C62182 /* RCTWebSocket.xcodeproj */;
				},
				{
					ProductGroup = 146834001AC3E56700842450 /* Products */;
					ProjectRef = 146833FF1AC3E56700842450 /* React.xcodeproj */;
				},
				{
					ProductGroup = 9DC3F1DA1E67780B00F24A9E /* Products */;
					ProjectRef = 9DC3F1D91E67780B00F24A9E /* ReactNativeIcons.xcodeproj */;
				},
				{
					ProductGroup = 2F1429EF1E688BC500184E03 /* Products */;
					ProjectRef = B1D6B8D05B674AB080CA3217 /* RNImagePicker.xcodeproj */;
				},
				{
					ProductGroup = 9DC3F2331E67D50400F24A9E /* Products */;
					ProjectRef = 4A6BC5E7FE1E457E8697C5B6 /* RNVectorIcons.xcodeproj */;
				},
			);
			projectRoot = "";
			targets = (
				13B07F861A680F5B00A75B9A /* teamB */,
				00E356ED1AD99517003FC87E /* teamBTests */,
				2D02E47A1E0B4A5D006451C7 /* teamB-tvOS */,
				2D02E48F1E0B4A5D006451C7 /* teamB-tvOSTests */,
			);
		};
/* End PBXProject section */

/* Begin PBXReferenceProxy section */
		00C302AC1ABCB8CE00DB3ED1 /* libRCTActionSheet.a */ = {
			isa = PBXReferenceProxy;
			fileType = archive.ar;
			path = libRCTActionSheet.a;
			remoteRef = 00C302AB1ABCB8CE00DB3ED1 /* PBXContainerItemProxy */;
			sourceTree = BUILT_PRODUCTS_DIR;
		};
		00C302BA1ABCB90400DB3ED1 /* libRCTGeolocation.a */ = {
			isa = PBXReferenceProxy;
			fileType = archive.ar;
			path = libRCTGeolocation.a;
			remoteRef = 00C302B91ABCB90400DB3ED1 /* PBXContainerItemProxy */;
			sourceTree = BUILT_PRODUCTS_DIR;
		};
		00C302C01ABCB91800DB3ED1 /* libRCTImage.a */ = {
			isa = PBXReferenceProxy;
			fileType = archive.ar;
			path = libRCTImage.a;
			remoteRef = 00C302BF1ABCB91800DB3ED1 /* PBXContainerItemProxy */;
			sourceTree = BUILT_PRODUCTS_DIR;
		};
		00C302DC1ABCB9D200DB3ED1 /* libRCTNetwork.a */ = {
			isa = PBXReferenceProxy;
			fileType = archive.ar;
			path = libRCTNetwork.a;
			remoteRef = 00C302DB1ABCB9D200DB3ED1 /* PBXContainerItemProxy */;
			sourceTree = BUILT_PRODUCTS_DIR;
		};
		00C302E41ABCB9EE00DB3ED1 /* libRCTVibration.a */ = {
			isa = PBXReferenceProxy;
			fileType = archive.ar;
			path = libRCTVibration.a;
			remoteRef = 00C302E31ABCB9EE00DB3ED1 /* PBXContainerItemProxy */;
			sourceTree = BUILT_PRODUCTS_DIR;
		};
		139105C11AF99BAD00B5F7CC /* libRCTSettings.a */ = {
			isa = PBXReferenceProxy;
			fileType = archive.ar;
			path = libRCTSettings.a;
			remoteRef = 139105C01AF99BAD00B5F7CC /* PBXContainerItemProxy */;
			sourceTree = BUILT_PRODUCTS_DIR;
		};
		139FDEF41B06529B00C62182 /* libRCTWebSocket.a */ = {
			isa = PBXReferenceProxy;
			fileType = archive.ar;
			path = libRCTWebSocket.a;
			remoteRef = 139FDEF31B06529B00C62182 /* PBXContainerItemProxy */;
			sourceTree = BUILT_PRODUCTS_DIR;
		};
		146834041AC3E56700842450 /* libReact.a */ = {
			isa = PBXReferenceProxy;
			fileType = archive.ar;
			path = libReact.a;
			remoteRef = 146834031AC3E56700842450 /* PBXContainerItemProxy */;
			sourceTree = BUILT_PRODUCTS_DIR;
		};
		2F142A0F1E688BC500184E03 /* libRNImagePicker.a */ = {
			isa = PBXReferenceProxy;
			fileType = archive.ar;
			path = libRNImagePicker.a;
			remoteRef = 2F142A0E1E688BC500184E03 /* PBXContainerItemProxy */;
			sourceTree = BUILT_PRODUCTS_DIR;
		};
		2F35528D1E58F65600236EF4 /* libRCTFBSDK.a */ = {
			isa = PBXReferenceProxy;
			fileType = archive.ar;
			path = libRCTFBSDK.a;
			remoteRef = 2F35528C1E58F65600236EF4 /* PBXContainerItemProxy */;
			sourceTree = BUILT_PRODUCTS_DIR;
		};
		2F5F33C21E53A83400433DC8 /* libCore.a */ = {
			isa = PBXReferenceProxy;
			fileType = archive.ar;
			path = libCore.a;
			remoteRef = 2F5F33C11E53A83400433DC8 /* PBXContainerItemProxy */;
			sourceTree = BUILT_PRODUCTS_DIR;
		};
		2F5F342C1E53ADFF00433DC8 /* libDynamoDB.a */ = {
			isa = PBXReferenceProxy;
			fileType = archive.ar;
			path = libDynamoDB.a;
			remoteRef = 2F5F342B1E53ADFF00433DC8 /* PBXContainerItemProxy */;
			sourceTree = BUILT_PRODUCTS_DIR;
		};
		3DAD3E841DF850E9000B6D8A /* libRCTImage-tvOS.a */ = {
			isa = PBXReferenceProxy;
			fileType = archive.ar;
			path = "libRCTImage-tvOS.a";
			remoteRef = 3DAD3E831DF850E9000B6D8A /* PBXContainerItemProxy */;
			sourceTree = BUILT_PRODUCTS_DIR;
		};
		3DAD3E881DF850E9000B6D8A /* libRCTLinking-tvOS.a */ = {
			isa = PBXReferenceProxy;
			fileType = archive.ar;
			path = "libRCTLinking-tvOS.a";
			remoteRef = 3DAD3E871DF850E9000B6D8A /* PBXContainerItemProxy */;
			sourceTree = BUILT_PRODUCTS_DIR;
		};
		3DAD3E8C1DF850E9000B6D8A /* libRCTNetwork-tvOS.a */ = {
			isa = PBXReferenceProxy;
			fileType = archive.ar;
			path = "libRCTNetwork-tvOS.a";
			remoteRef = 3DAD3E8B1DF850E9000B6D8A /* PBXContainerItemProxy */;
			sourceTree = BUILT_PRODUCTS_DIR;
		};
		3DAD3E901DF850E9000B6D8A /* libRCTSettings-tvOS.a */ = {
			isa = PBXReferenceProxy;
			fileType = archive.ar;
			path = "libRCTSettings-tvOS.a";
			remoteRef = 3DAD3E8F1DF850E9000B6D8A /* PBXContainerItemProxy */;
			sourceTree = BUILT_PRODUCTS_DIR;
		};
		3DAD3E941DF850E9000B6D8A /* libRCTText-tvOS.a */ = {
			isa = PBXReferenceProxy;
			fileType = archive.ar;
			path = "libRCTText-tvOS.a";
			remoteRef = 3DAD3E931DF850E9000B6D8A /* PBXContainerItemProxy */;
			sourceTree = BUILT_PRODUCTS_DIR;
		};
		3DAD3E991DF850E9000B6D8A /* libRCTWebSocket-tvOS.a */ = {
			isa = PBXReferenceProxy;
			fileType = archive.ar;
			path = "libRCTWebSocket-tvOS.a";
			remoteRef = 3DAD3E981DF850E9000B6D8A /* PBXContainerItemProxy */;
			sourceTree = BUILT_PRODUCTS_DIR;
		};
		3DAD3EA31DF850E9000B6D8A /* libReact.a */ = {
			isa = PBXReferenceProxy;
			fileType = archive.ar;
			path = libReact.a;
			remoteRef = 3DAD3EA21DF850E9000B6D8A /* PBXContainerItemProxy */;
			sourceTree = BUILT_PRODUCTS_DIR;
		};
		3DAD3EA51DF850E9000B6D8A /* libyoga.a */ = {
			isa = PBXReferenceProxy;
			fileType = archive.ar;
			path = libyoga.a;
			remoteRef = 3DAD3EA41DF850E9000B6D8A /* PBXContainerItemProxy */;
			sourceTree = BUILT_PRODUCTS_DIR;
		};
		3DAD3EA71DF850E9000B6D8A /* libyoga.a */ = {
			isa = PBXReferenceProxy;
			fileType = archive.ar;
			path = libyoga.a;
			remoteRef = 3DAD3EA61DF850E9000B6D8A /* PBXContainerItemProxy */;
			sourceTree = BUILT_PRODUCTS_DIR;
		};
		3DAD3EA91DF850E9000B6D8A /* libcxxreact.a */ = {
			isa = PBXReferenceProxy;
			fileType = archive.ar;
			path = libcxxreact.a;
			remoteRef = 3DAD3EA81DF850E9000B6D8A /* PBXContainerItemProxy */;
			sourceTree = BUILT_PRODUCTS_DIR;
		};
		3DAD3EAB1DF850E9000B6D8A /* libcxxreact.a */ = {
			isa = PBXReferenceProxy;
			fileType = archive.ar;
			path = libcxxreact.a;
			remoteRef = 3DAD3EAA1DF850E9000B6D8A /* PBXContainerItemProxy */;
			sourceTree = BUILT_PRODUCTS_DIR;
		};
		3DAD3EAD1DF850E9000B6D8A /* libjschelpers.a */ = {
			isa = PBXReferenceProxy;
			fileType = archive.ar;
			path = libjschelpers.a;
			remoteRef = 3DAD3EAC1DF850E9000B6D8A /* PBXContainerItemProxy */;
			sourceTree = BUILT_PRODUCTS_DIR;
		};
		3DAD3EAF1DF850E9000B6D8A /* libjschelpers.a */ = {
			isa = PBXReferenceProxy;
			fileType = archive.ar;
			path = libjschelpers.a;
			remoteRef = 3DAD3EAE1DF850E9000B6D8A /* PBXContainerItemProxy */;
			sourceTree = BUILT_PRODUCTS_DIR;
		};
		5E9157331DD0AC6500FF2AA8 /* libRCTAnimation.a */ = {
			isa = PBXReferenceProxy;
			fileType = archive.ar;
			path = libRCTAnimation.a;
			remoteRef = 5E9157321DD0AC6500FF2AA8 /* PBXContainerItemProxy */;
			sourceTree = BUILT_PRODUCTS_DIR;
		};
		5E9157351DD0AC6500FF2AA8 /* libRCTAnimation-tvOS.a */ = {
			isa = PBXReferenceProxy;
			fileType = archive.ar;
			path = "libRCTAnimation-tvOS.a";
			remoteRef = 5E9157341DD0AC6500FF2AA8 /* PBXContainerItemProxy */;
			sourceTree = BUILT_PRODUCTS_DIR;
		};
		78C398B91ACF4ADC00677621 /* libRCTLinking.a */ = {
			isa = PBXReferenceProxy;
			fileType = archive.ar;
			path = libRCTLinking.a;
			remoteRef = 78C398B81ACF4ADC00677621 /* PBXContainerItemProxy */;
			sourceTree = BUILT_PRODUCTS_DIR;
		};
		832341B51AAA6A8300B99B32 /* libRCTText.a */ = {
			isa = PBXReferenceProxy;
			fileType = archive.ar;
			path = libRCTText.a;
			remoteRef = 832341B41AAA6A8300B99B32 /* PBXContainerItemProxy */;
			sourceTree = BUILT_PRODUCTS_DIR;
		};
		9DC3F2071E67780B00F24A9E /* libReactNativeIcons.a */ = {
			isa = PBXReferenceProxy;
			fileType = archive.ar;
			path = libReactNativeIcons.a;
			remoteRef = 9DC3F2061E67780B00F24A9E /* PBXContainerItemProxy */;
			sourceTree = BUILT_PRODUCTS_DIR;
		};
		9DC3F2531E67D50400F24A9E /* libRNVectorIcons.a */ = {
			isa = PBXReferenceProxy;
			fileType = archive.ar;
			path = libRNVectorIcons.a;
			remoteRef = 9DC3F2521E67D50400F24A9E /* PBXContainerItemProxy */;
			sourceTree = BUILT_PRODUCTS_DIR;
		};
/* End PBXReferenceProxy section */

/* Begin PBXResourcesBuildPhase section */
		00E356EC1AD99517003FC87E /* Resources */ = {
			isa = PBXResourcesBuildPhase;
			buildActionMask = 2147483647;
			files = (
			);
			runOnlyForDeploymentPostprocessing = 0;
		};
		13B07F8E1A680F5B00A75B9A /* Resources */ = {
			isa = PBXResourcesBuildPhase;
			buildActionMask = 2147483647;
			files = (
				13B07FBF1A68108700A75B9A /* Images.xcassets in Resources */,
				13B07FBD1A68108700A75B9A /* LaunchScreen.xib in Resources */,
				EF904598D1204D23B63DC62C /* Entypo.ttf in Resources */,
				301F012C703E4A368CBD2B64 /* EvilIcons.ttf in Resources */,
				9DC13C44C20848DA9D080EEA /* FontAwesome.ttf in Resources */,
				1F24C1635D9D42598F33AAF8 /* Foundation.ttf in Resources */,
				35D0EC8AB83444A2BDC4E69E /* Ionicons.ttf in Resources */,
				846E156EC7184F71A5FA7514 /* MaterialCommunityIcons.ttf in Resources */,
				BDB1544DAEF443279672D138 /* MaterialIcons.ttf in Resources */,
				13045C573B654B48934B7C75 /* Octicons.ttf in Resources */,
				E2FEA300A51B4869951A6395 /* SimpleLineIcons.ttf in Resources */,
				3D797D8583124DDD8080F4F8 /* Zocial.ttf in Resources */,
			);
			runOnlyForDeploymentPostprocessing = 0;
		};
		2D02E4791E0B4A5D006451C7 /* Resources */ = {
			isa = PBXResourcesBuildPhase;
			buildActionMask = 2147483647;
			files = (
				2D02E4BD1E0B4A84006451C7 /* Images.xcassets in Resources */,
			);
			runOnlyForDeploymentPostprocessing = 0;
		};
		2D02E48E1E0B4A5D006451C7 /* Resources */ = {
			isa = PBXResourcesBuildPhase;
			buildActionMask = 2147483647;
			files = (
			);
			runOnlyForDeploymentPostprocessing = 0;
		};
/* End PBXResourcesBuildPhase section */

/* Begin PBXShellScriptBuildPhase section */
		00DD1BFF1BD5951E006B06BC /* Bundle React Native code and images */ = {
			isa = PBXShellScriptBuildPhase;
			buildActionMask = 2147483647;
			files = (
			);
			inputPaths = (
			);
			name = "Bundle React Native code and images";
			outputPaths = (
			);
			runOnlyForDeploymentPostprocessing = 0;
			shellPath = /bin/sh;
			shellScript = "export NODE_BINARY=node\n../node_modules/react-native/packager/react-native-xcode.sh";
		};
		2D02E4CB1E0B4B27006451C7 /* Bundle React Native Code And Images */ = {
			isa = PBXShellScriptBuildPhase;
			buildActionMask = 2147483647;
			files = (
			);
			inputPaths = (
			);
			name = "Bundle React Native Code And Images";
			outputPaths = (
			);
			runOnlyForDeploymentPostprocessing = 0;
			shellPath = /bin/sh;
			shellScript = "export NODE_BINARY=node\n../node_modules/react-native/packager/react-native-xcode.sh";
		};
		2F5F33E01E53AB0D00433DC8 /* ShellScript */ = {
			isa = PBXShellScriptBuildPhase;
			buildActionMask = 2147483647;
			files = (
			);
			inputPaths = (
			);
			outputPaths = (
			);
			runOnlyForDeploymentPostprocessing = 0;
			shellPath = /bin/sh;
			shellScript = "bash \"${BUILT_PRODUCTS_DIR}/${FRAMEWORKS_FOLDER_PATH}/AWSCore.framework/strip-frameworks.sh\"";
		};
/* End PBXShellScriptBuildPhase section */

/* Begin PBXSourcesBuildPhase section */
		00E356EA1AD99517003FC87E /* Sources */ = {
			isa = PBXSourcesBuildPhase;
			buildActionMask = 2147483647;
			files = (
				00E356F31AD99517003FC87E /* teamBTests.m in Sources */,
			);
			runOnlyForDeploymentPostprocessing = 0;
		};
		13B07F871A680F5B00A75B9A /* Sources */ = {
			isa = PBXSourcesBuildPhase;
			buildActionMask = 2147483647;
			files = (
				13B07FBC1A68108700A75B9A /* AppDelegate.m in Sources */,
				13B07FC11A68108700A75B9A /* main.m in Sources */,
			);
			runOnlyForDeploymentPostprocessing = 0;
		};
		2D02E4771E0B4A5D006451C7 /* Sources */ = {
			isa = PBXSourcesBuildPhase;
			buildActionMask = 2147483647;
			files = (
				2D02E4BF1E0B4AB3006451C7 /* main.m in Sources */,
				2D02E4BC1E0B4A80006451C7 /* AppDelegate.m in Sources */,
			);
			runOnlyForDeploymentPostprocessing = 0;
		};
		2D02E48C1E0B4A5D006451C7 /* Sources */ = {
			isa = PBXSourcesBuildPhase;
			buildActionMask = 2147483647;
			files = (
				2DCD954D1E0B4F2C00145EB5 /* teamBTests.m in Sources */,
			);
			runOnlyForDeploymentPostprocessing = 0;
		};
/* End PBXSourcesBuildPhase section */

/* Begin PBXTargetDependency section */
		00E356F51AD99517003FC87E /* PBXTargetDependency */ = {
			isa = PBXTargetDependency;
			target = 13B07F861A680F5B00A75B9A /* teamB */;
			targetProxy = 00E356F41AD99517003FC87E /* PBXContainerItemProxy */;
		};
		2D02E4921E0B4A5D006451C7 /* PBXTargetDependency */ = {
			isa = PBXTargetDependency;
			target = 2D02E47A1E0B4A5D006451C7 /* teamB-tvOS */;
			targetProxy = 2D02E4911E0B4A5D006451C7 /* PBXContainerItemProxy */;
		};
/* End PBXTargetDependency section */

/* Begin PBXVariantGroup section */
		13B07FB11A68108700A75B9A /* LaunchScreen.xib */ = {
			isa = PBXVariantGroup;
			children = (
				13B07FB21A68108700A75B9A /* Base */,
			);
			name = LaunchScreen.xib;
			path = teamB;
			sourceTree = "<group>";
		};
/* End PBXVariantGroup section */

/* Begin XCBuildConfiguration section */
		00E356F61AD99517003FC87E /* Debug */ = {
			isa = XCBuildConfiguration;
			buildSettings = {
				BUNDLE_LOADER = "$(TEST_HOST)";
				GCC_PREPROCESSOR_DEFINITIONS = (
					"DEBUG=1",
					"$(inherited)",
				);
				INFOPLIST_FILE = teamBTests/Info.plist;
				IPHONEOS_DEPLOYMENT_TARGET = 8.0;
				LD_RUNPATH_SEARCH_PATHS = "$(inherited) @executable_path/Frameworks @loader_path/Frameworks";
				LIBRARY_SEARCH_PATHS = (
					"$(inherited)",
					"\"$(SRCROOT)/$(TARGET_NAME)\"",
					"\"$(SRCROOT)/$(TARGET_NAME)\"",
				);
				OTHER_LDFLAGS = (
					"-ObjC",
					"-lc++",
				);
				PRODUCT_NAME = "$(TARGET_NAME)";
				TEST_HOST = "$(BUILT_PRODUCTS_DIR)/teamB.app/teamB";
			};
			name = Debug;
		};
		00E356F71AD99517003FC87E /* Release */ = {
			isa = XCBuildConfiguration;
			buildSettings = {
				BUNDLE_LOADER = "$(TEST_HOST)";
				COPY_PHASE_STRIP = NO;
				INFOPLIST_FILE = teamBTests/Info.plist;
				IPHONEOS_DEPLOYMENT_TARGET = 8.0;
				LD_RUNPATH_SEARCH_PATHS = "$(inherited) @executable_path/Frameworks @loader_path/Frameworks";
				LIBRARY_SEARCH_PATHS = (
					"$(inherited)",
					"\"$(SRCROOT)/$(TARGET_NAME)\"",
					"\"$(SRCROOT)/$(TARGET_NAME)\"",
				);
				OTHER_LDFLAGS = (
					"-ObjC",
					"-lc++",
				);
				PRODUCT_NAME = "$(TARGET_NAME)";
				TEST_HOST = "$(BUILT_PRODUCTS_DIR)/teamB.app/teamB";
			};
			name = Release;
		};
		13B07F941A680F5B00A75B9A /* Debug */ = {
			isa = XCBuildConfiguration;
			buildSettings = {
				ASSETCATALOG_COMPILER_APPICON_NAME = AppIcon;
				CURRENT_PROJECT_VERSION = 1;
				DEAD_CODE_STRIPPING = NO;
				FRAMEWORK_SEARCH_PATHS = (
					"$(SRCROOT)/../node_modules/aws-sdk-react-native-core/ios/Frameworks",
					"$(SRCROOT)/../node_modules/aws-sdk-react-native-dynamodb/ios/Frameworks",
					"~/Documents/FacebookSDK",
				);
				INFOPLIST_FILE = teamB/Info.plist;
				LD_RUNPATH_SEARCH_PATHS = "$(inherited) @executable_path/Frameworks";
				OTHER_LDFLAGS = (
					"$(inherited)",
					"-ObjC",
					"-lc++",
				);
				PRODUCT_NAME = teamB;
				TARGETED_DEVICE_FAMILY = 1;
				VERSIONING_SYSTEM = "apple-generic";
			};
			name = Debug;
		};
		13B07F951A680F5B00A75B9A /* Release */ = {
			isa = XCBuildConfiguration;
			buildSettings = {
				ASSETCATALOG_COMPILER_APPICON_NAME = AppIcon;
				CURRENT_PROJECT_VERSION = 1;
				FRAMEWORK_SEARCH_PATHS = (
					"$(SRCROOT)/../node_modules/aws-sdk-react-native-core/ios/Frameworks",
					"$(SRCROOT)/../node_modules/aws-sdk-react-native-dynamodb/ios/Frameworks",
					"~/Documents/FacebookSDK",
				);
				INFOPLIST_FILE = teamB/Info.plist;
				LD_RUNPATH_SEARCH_PATHS = "$(inherited) @executable_path/Frameworks";
				OTHER_LDFLAGS = (
					"$(inherited)",
					"-ObjC",
					"-lc++",
				);
				PRODUCT_NAME = teamB;
				TARGETED_DEVICE_FAMILY = 1;
				VERSIONING_SYSTEM = "apple-generic";
			};
			name = Release;
		};
		2D02E4971E0B4A5E006451C7 /* Debug */ = {
			isa = XCBuildConfiguration;
			buildSettings = {
				ASSETCATALOG_COMPILER_APPICON_NAME = "App Icon & Top Shelf Image";
				ASSETCATALOG_COMPILER_LAUNCHIMAGE_NAME = LaunchImage;
				CLANG_ANALYZER_NONNULL = YES;
				CLANG_WARN_DOCUMENTATION_COMMENTS = YES;
				CLANG_WARN_INFINITE_RECURSION = YES;
				CLANG_WARN_SUSPICIOUS_MOVE = YES;
				DEBUG_INFORMATION_FORMAT = dwarf;
				ENABLE_TESTABILITY = YES;
				GCC_NO_COMMON_BLOCKS = YES;
				INFOPLIST_FILE = "teamB-tvOS/Info.plist";
				LD_RUNPATH_SEARCH_PATHS = "$(inherited) @executable_path/Frameworks";
				LIBRARY_SEARCH_PATHS = (
					"$(inherited)",
					"\"$(SRCROOT)/$(TARGET_NAME)\"",
					"\"$(SRCROOT)/$(TARGET_NAME)\"",
				);
				OTHER_LDFLAGS = (
					"-ObjC",
					"-lc++",
				);
				PRODUCT_BUNDLE_IDENTIFIER = "com.facebook.REACT.teamB-tvOS";
				PRODUCT_NAME = "$(TARGET_NAME)";
				SDKROOT = appletvos;
				TARGETED_DEVICE_FAMILY = 3;
				TVOS_DEPLOYMENT_TARGET = 9.2;
			};
			name = Debug;
		};
		2D02E4981E0B4A5E006451C7 /* Release */ = {
			isa = XCBuildConfiguration;
			buildSettings = {
				ASSETCATALOG_COMPILER_APPICON_NAME = "App Icon & Top Shelf Image";
				ASSETCATALOG_COMPILER_LAUNCHIMAGE_NAME = LaunchImage;
				CLANG_ANALYZER_NONNULL = YES;
				CLANG_WARN_DOCUMENTATION_COMMENTS = YES;
				CLANG_WARN_INFINITE_RECURSION = YES;
				CLANG_WARN_SUSPICIOUS_MOVE = YES;
				COPY_PHASE_STRIP = NO;
				DEBUG_INFORMATION_FORMAT = "dwarf-with-dsym";
				GCC_NO_COMMON_BLOCKS = YES;
				INFOPLIST_FILE = "teamB-tvOS/Info.plist";
				LD_RUNPATH_SEARCH_PATHS = "$(inherited) @executable_path/Frameworks";
				LIBRARY_SEARCH_PATHS = (
					"$(inherited)",
					"\"$(SRCROOT)/$(TARGET_NAME)\"",
					"\"$(SRCROOT)/$(TARGET_NAME)\"",
				);
				OTHER_LDFLAGS = (
					"-ObjC",
					"-lc++",
				);
				PRODUCT_BUNDLE_IDENTIFIER = "com.facebook.REACT.teamB-tvOS";
				PRODUCT_NAME = "$(TARGET_NAME)";
				SDKROOT = appletvos;
				TARGETED_DEVICE_FAMILY = 3;
				TVOS_DEPLOYMENT_TARGET = 9.2;
			};
			name = Release;
		};
		2D02E4991E0B4A5E006451C7 /* Debug */ = {
			isa = XCBuildConfiguration;
			buildSettings = {
				BUNDLE_LOADER = "$(TEST_HOST)";
				CLANG_ANALYZER_NONNULL = YES;
				CLANG_WARN_DOCUMENTATION_COMMENTS = YES;
				CLANG_WARN_INFINITE_RECURSION = YES;
				CLANG_WARN_SUSPICIOUS_MOVE = YES;
				DEBUG_INFORMATION_FORMAT = dwarf;
				ENABLE_TESTABILITY = YES;
				GCC_NO_COMMON_BLOCKS = YES;
				INFOPLIST_FILE = "teamB-tvOSTests/Info.plist";
				LD_RUNPATH_SEARCH_PATHS = "$(inherited) @executable_path/Frameworks @loader_path/Frameworks";
				LIBRARY_SEARCH_PATHS = (
					"$(inherited)",
					"\"$(SRCROOT)/$(TARGET_NAME)\"",
					"\"$(SRCROOT)/$(TARGET_NAME)\"",
				);
				PRODUCT_BUNDLE_IDENTIFIER = "com.facebook.REACT.teamB-tvOSTests";
				PRODUCT_NAME = "$(TARGET_NAME)";
				SDKROOT = appletvos;
				TEST_HOST = "$(BUILT_PRODUCTS_DIR)/teamB-tvOS.app/teamB-tvOS";
				TVOS_DEPLOYMENT_TARGET = 10.1;
			};
			name = Debug;
		};
		2D02E49A1E0B4A5E006451C7 /* Release */ = {
			isa = XCBuildConfiguration;
			buildSettings = {
				BUNDLE_LOADER = "$(TEST_HOST)";
				CLANG_ANALYZER_NONNULL = YES;
				CLANG_WARN_DOCUMENTATION_COMMENTS = YES;
				CLANG_WARN_INFINITE_RECURSION = YES;
				CLANG_WARN_SUSPICIOUS_MOVE = YES;
				COPY_PHASE_STRIP = NO;
				DEBUG_INFORMATION_FORMAT = "dwarf-with-dsym";
				GCC_NO_COMMON_BLOCKS = YES;
				INFOPLIST_FILE = "teamB-tvOSTests/Info.plist";
				LD_RUNPATH_SEARCH_PATHS = "$(inherited) @executable_path/Frameworks @loader_path/Frameworks";
				LIBRARY_SEARCH_PATHS = (
					"$(inherited)",
					"\"$(SRCROOT)/$(TARGET_NAME)\"",
					"\"$(SRCROOT)/$(TARGET_NAME)\"",
				);
				PRODUCT_BUNDLE_IDENTIFIER = "com.facebook.REACT.teamB-tvOSTests";
				PRODUCT_NAME = "$(TARGET_NAME)";
				SDKROOT = appletvos;
				TEST_HOST = "$(BUILT_PRODUCTS_DIR)/teamB-tvOS.app/teamB-tvOS";
				TVOS_DEPLOYMENT_TARGET = 10.1;
			};
			name = Release;
		};
		83CBBA201A601CBA00E9B192 /* Debug */ = {
			isa = XCBuildConfiguration;
			buildSettings = {
				ALWAYS_SEARCH_USER_PATHS = NO;
				CLANG_CXX_LANGUAGE_STANDARD = "gnu++0x";
				CLANG_CXX_LIBRARY = "libc++";
				CLANG_ENABLE_MODULES = YES;
				CLANG_ENABLE_OBJC_ARC = YES;
				CLANG_WARN_BOOL_CONVERSION = YES;
				CLANG_WARN_CONSTANT_CONVERSION = YES;
				CLANG_WARN_DIRECT_OBJC_ISA_USAGE = YES_ERROR;
				CLANG_WARN_EMPTY_BODY = YES;
				CLANG_WARN_ENUM_CONVERSION = YES;
				CLANG_WARN_INT_CONVERSION = YES;
				CLANG_WARN_OBJC_ROOT_CLASS = YES_ERROR;
				CLANG_WARN_UNREACHABLE_CODE = YES;
				CLANG_WARN__DUPLICATE_METHOD_MATCH = YES;
				"CODE_SIGN_IDENTITY[sdk=iphoneos*]" = "iPhone Developer";
				COPY_PHASE_STRIP = NO;
				DEBUG_ACTIVITY_MODE = "";
				"DEBUG_ACTIVITY_MODE[sdk=iphonesimulator*]" = disable;
				ENABLE_STRICT_OBJC_MSGSEND = YES;
				GCC_C_LANGUAGE_STANDARD = gnu99;
				GCC_DYNAMIC_NO_PIC = NO;
				GCC_OPTIMIZATION_LEVEL = 0;
				GCC_PREPROCESSOR_DEFINITIONS = (
					"DEBUG=1",
					"$(inherited)",
				);
				GCC_SYMBOLS_PRIVATE_EXTERN = NO;
				GCC_WARN_64_TO_32_BIT_CONVERSION = YES;
				GCC_WARN_ABOUT_RETURN_TYPE = YES_ERROR;
				GCC_WARN_UNDECLARED_SELECTOR = YES;
				GCC_WARN_UNINITIALIZED_AUTOS = YES_AGGRESSIVE;
				GCC_WARN_UNUSED_FUNCTION = YES;
				GCC_WARN_UNUSED_VARIABLE = YES;
				IPHONEOS_DEPLOYMENT_TARGET = 8.0;
				MTL_ENABLE_DEBUG_INFO = YES;
				ONLY_ACTIVE_ARCH = YES;
				SDKROOT = iphoneos;
			};
			name = Debug;
		};
		83CBBA211A601CBA00E9B192 /* Release */ = {
			isa = XCBuildConfiguration;
			buildSettings = {
				ALWAYS_SEARCH_USER_PATHS = NO;
				CLANG_CXX_LANGUAGE_STANDARD = "gnu++0x";
				CLANG_CXX_LIBRARY = "libc++";
				CLANG_ENABLE_MODULES = YES;
				CLANG_ENABLE_OBJC_ARC = YES;
				CLANG_WARN_BOOL_CONVERSION = YES;
				CLANG_WARN_CONSTANT_CONVERSION = YES;
				CLANG_WARN_DIRECT_OBJC_ISA_USAGE = YES_ERROR;
				CLANG_WARN_EMPTY_BODY = YES;
				CLANG_WARN_ENUM_CONVERSION = YES;
				CLANG_WARN_INT_CONVERSION = YES;
				CLANG_WARN_OBJC_ROOT_CLASS = YES_ERROR;
				CLANG_WARN_UNREACHABLE_CODE = YES;
				CLANG_WARN__DUPLICATE_METHOD_MATCH = YES;
				"CODE_SIGN_IDENTITY[sdk=iphoneos*]" = "iPhone Developer";
				COPY_PHASE_STRIP = YES;
				DEBUG_ACTIVITY_MODE = "";
				ENABLE_NS_ASSERTIONS = NO;
				ENABLE_STRICT_OBJC_MSGSEND = YES;
				GCC_C_LANGUAGE_STANDARD = gnu99;
				GCC_WARN_64_TO_32_BIT_CONVERSION = YES;
				GCC_WARN_ABOUT_RETURN_TYPE = YES_ERROR;
				GCC_WARN_UNDECLARED_SELECTOR = YES;
				GCC_WARN_UNINITIALIZED_AUTOS = YES_AGGRESSIVE;
				GCC_WARN_UNUSED_FUNCTION = YES;
				GCC_WARN_UNUSED_VARIABLE = YES;
				IPHONEOS_DEPLOYMENT_TARGET = 8.0;
				MTL_ENABLE_DEBUG_INFO = NO;
				SDKROOT = iphoneos;
				VALIDATE_PRODUCT = YES;
			};
			name = Release;
		};
/* End XCBuildConfiguration section */

/* Begin XCConfigurationList section */
		00E357021AD99517003FC87E /* Build configuration list for PBXNativeTarget "teamBTests" */ = {
			isa = XCConfigurationList;
			buildConfigurations = (
				00E356F61AD99517003FC87E /* Debug */,
				00E356F71AD99517003FC87E /* Release */,
			);
			defaultConfigurationIsVisible = 0;
			defaultConfigurationName = Release;
		};
		13B07F931A680F5B00A75B9A /* Build configuration list for PBXNativeTarget "teamB" */ = {
			isa = XCConfigurationList;
			buildConfigurations = (
				13B07F941A680F5B00A75B9A /* Debug */,
				13B07F951A680F5B00A75B9A /* Release */,
			);
			defaultConfigurationIsVisible = 0;
			defaultConfigurationName = Release;
		};
		2D02E4BA1E0B4A5E006451C7 /* Build configuration list for PBXNativeTarget "teamB-tvOS" */ = {
			isa = XCConfigurationList;
			buildConfigurations = (
				2D02E4971E0B4A5E006451C7 /* Debug */,
				2D02E4981E0B4A5E006451C7 /* Release */,
			);
			defaultConfigurationIsVisible = 0;
			defaultConfigurationName = Release;
		};
		2D02E4BB1E0B4A5E006451C7 /* Build configuration list for PBXNativeTarget "teamB-tvOSTests" */ = {
			isa = XCConfigurationList;
			buildConfigurations = (
				2D02E4991E0B4A5E006451C7 /* Debug */,
				2D02E49A1E0B4A5E006451C7 /* Release */,
			);
			defaultConfigurationIsVisible = 0;
			defaultConfigurationName = Release;
		};
		83CBB9FA1A601CBA00E9B192 /* Build configuration list for PBXProject "teamB" */ = {
			isa = XCConfigurationList;
			buildConfigurations = (
				83CBBA201A601CBA00E9B192 /* Debug */,
				83CBBA211A601CBA00E9B192 /* Release */,
			);
			defaultConfigurationIsVisible = 0;
			defaultConfigurationName = Release;
		};
/* End XCConfigurationList section */
	};
	rootObject = 83CBB9F71A601CBA00E9B192 /* Project object */;
}
